// !$*UTF8*$!
{
	archiveVersion = 1;
	classes = {
	};
	objectVersion = 46;
	objects = {

/* Begin PBXBuildFile section */
		30061BC41D2920FE00ABEF7F /* GiraffeKit.h in Headers */ = {isa = PBXBuildFile; fileRef = 30061BC31D2920FE00ABEF7F /* GiraffeKit.h */; settings = {ATTRIBUTES = (Public, ); }; };
		30061BCB1D2920FE00ABEF7F /* GiraffeKit.framework in Frameworks */ = {isa = PBXBuildFile; fileRef = 30061BC01D2920FE00ABEF7F /* GiraffeKit.framework */; };
		30061BD01D2920FE00ABEF7F /* GiraffeKitTests.swift in Sources */ = {isa = PBXBuildFile; fileRef = 30061BCF1D2920FE00ABEF7F /* GiraffeKitTests.swift */; };
		30502EA21D2D19A70092A8AD /* Service.swift in Sources */ = {isa = PBXBuildFile; fileRef = 30502EA11D2D19A60092A8AD /* Service.swift */; };
		30502EA31D2D19A70092A8AD /* Service.swift in Sources */ = {isa = PBXBuildFile; fileRef = 30502EA11D2D19A60092A8AD /* Service.swift */; };
		30502EA51D2D1AC60092A8AD /* TrendingService.swift in Sources */ = {isa = PBXBuildFile; fileRef = 30502EA41D2D1AC60092A8AD /* TrendingService.swift */; };
		30502EA61D2D1AC60092A8AD /* TrendingService.swift in Sources */ = {isa = PBXBuildFile; fileRef = 30502EA41D2D1AC60092A8AD /* TrendingService.swift */; };
		305B7C231D4F97A8009B3FF0 /* Parameters.swift in Sources */ = {isa = PBXBuildFile; fileRef = 30F2AE991D4E6F4D00E3496F /* Parameters.swift */; };
		307DF0EA1D3ECB5B003EFE41 /* Unbox.framework in Frameworks */ = {isa = PBXBuildFile; fileRef = 307DF0E91D3ECB5B003EFE41 /* Unbox.framework */; };
		307DF0F11D3ED215003EFE41 /* Response.swift in Sources */ = {isa = PBXBuildFile; fileRef = 307DF0F01D3ED215003EFE41 /* Response.swift */; };
		307DF0F51D3EDF01003EFE41 /* Decodable.swift in Sources */ = {isa = PBXBuildFile; fileRef = 307DF0F41D3EDF01003EFE41 /* Decodable.swift */; };
		3089E8C21D2D943E00726903 /* SearchService.swift in Sources */ = {isa = PBXBuildFile; fileRef = 3089E8C11D2D943E00726903 /* SearchService.swift */; };
		3089E8C31D2D943E00726903 /* SearchService.swift in Sources */ = {isa = PBXBuildFile; fileRef = 3089E8C11D2D943E00726903 /* SearchService.swift */; };
		3089E8C51D2D9F9400726903 /* ServiceTests.swift in Sources */ = {isa = PBXBuildFile; fileRef = 3089E8C41D2D9F9400726903 /* ServiceTests.swift */; };
		30A0C2291D3C4E6400627ECB /* Error.swift in Sources */ = {isa = PBXBuildFile; fileRef = 30A0C2281D3C4E6300627ECB /* Error.swift */; };
		30A357F01D3EF06F00B6183F /* Item.swift in Sources */ = {isa = PBXBuildFile; fileRef = 30A357EF1D3EF06F00B6183F /* Item.swift */; };
		30A357F21D3EF0F100B6183F /* Response+Decodable.swift in Sources */ = {isa = PBXBuildFile; fileRef = 30A357F11D3EF0F100B6183F /* Response+Decodable.swift */; };
		30A357F41D3EF1BE00B6183F /* Framable.swift in Sources */ = {isa = PBXBuildFile; fileRef = 30A357F31D3EF1BE00B6183F /* Framable.swift */; };
		30A357F61D3EF4E100B6183F /* NSDateFormatter+GiraffeKit.swift in Sources */ = {isa = PBXBuildFile; fileRef = 30A357F51D3EF4E100B6183F /* NSDateFormatter+GiraffeKit.swift */; };
		30A357F81D3EF66B00B6183F /* NSDateFormatter+GiraffeKitTests.swift in Sources */ = {isa = PBXBuildFile; fileRef = 30A357F71D3EF66B00B6183F /* NSDateFormatter+GiraffeKitTests.swift */; };
		30A357F91D3EF78800B6183F /* Item.swift in Sources */ = {isa = PBXBuildFile; fileRef = 30A357EF1D3EF06F00B6183F /* Item.swift */; };
		30A357FA1D3EF7EA00B6183F /* Unbox.framework in Frameworks */ = {isa = PBXBuildFile; fileRef = 307DF0E91D3ECB5B003EFE41 /* Unbox.framework */; };
		30A357FB1D3EF91A00B6183F /* NSDateFormatter+GiraffeKit.swift in Sources */ = {isa = PBXBuildFile; fileRef = 30A357F51D3EF4E100B6183F /* NSDateFormatter+GiraffeKit.swift */; };
		30A357FD1D3EFA6500B6183F /* Unbox.framework in Carthage Copy Frameworks */ = {isa = PBXBuildFile; fileRef = 307DF0E91D3ECB5B003EFE41 /* Unbox.framework */; settings = {ATTRIBUTES = (CodeSignOnCopy, RemoveHeadersOnCopy, ); }; };
		30F2AE9A1D4E6F4D00E3496F /* Parameters.swift in Sources */ = {isa = PBXBuildFile; fileRef = 30F2AE991D4E6F4D00E3496F /* Parameters.swift */; };
/* End PBXBuildFile section */

/* Begin PBXContainerItemProxy section */
		30061BCC1D2920FE00ABEF7F /* PBXContainerItemProxy */ = {
			isa = PBXContainerItemProxy;
			containerPortal = 30061BB71D2920FE00ABEF7F /* Project object */;
			proxyType = 1;
			remoteGlobalIDString = 30061BBF1D2920FE00ABEF7F;
			remoteInfo = GiraffeKit;
		};
/* End PBXContainerItemProxy section */

/* Begin PBXCopyFilesBuildPhase section */
		30A357FC1D3EFA2900B6183F /* Carthage Copy Frameworks */ = {
			isa = PBXCopyFilesBuildPhase;
			buildActionMask = 2147483647;
			dstPath = "";
			dstSubfolderSpec = 10;
			files = (
				30A357FD1D3EFA6500B6183F /* Unbox.framework in Carthage Copy Frameworks */,
			);
			name = "Carthage Copy Frameworks";
			runOnlyForDeploymentPostprocessing = 0;
		};
/* End PBXCopyFilesBuildPhase section */

/* Begin PBXFileReference section */
		30061BC01D2920FE00ABEF7F /* GiraffeKit.framework */ = {isa = PBXFileReference; explicitFileType = wrapper.framework; includeInIndex = 0; path = GiraffeKit.framework; sourceTree = BUILT_PRODUCTS_DIR; };
		30061BC31D2920FE00ABEF7F /* GiraffeKit.h */ = {isa = PBXFileReference; lastKnownFileType = sourcecode.c.h; path = GiraffeKit.h; sourceTree = "<group>"; };
		30061BC51D2920FE00ABEF7F /* Info.plist */ = {isa = PBXFileReference; lastKnownFileType = text.plist.xml; path = Info.plist; sourceTree = "<group>"; };
		30061BCA1D2920FE00ABEF7F /* GiraffeKitTests.xctest */ = {isa = PBXFileReference; explicitFileType = wrapper.cfbundle; includeInIndex = 0; path = GiraffeKitTests.xctest; sourceTree = BUILT_PRODUCTS_DIR; };
		30061BCF1D2920FE00ABEF7F /* GiraffeKitTests.swift */ = {isa = PBXFileReference; lastKnownFileType = sourcecode.swift; path = GiraffeKitTests.swift; sourceTree = "<group>"; };
		30061BD11D2920FE00ABEF7F /* Info.plist */ = {isa = PBXFileReference; lastKnownFileType = text.plist.xml; path = Info.plist; sourceTree = "<group>"; };
		30502EA11D2D19A60092A8AD /* Service.swift */ = {isa = PBXFileReference; fileEncoding = 4; lastKnownFileType = sourcecode.swift; path = Service.swift; sourceTree = "<group>"; };
		30502EA41D2D1AC60092A8AD /* TrendingService.swift */ = {isa = PBXFileReference; fileEncoding = 4; lastKnownFileType = sourcecode.swift; path = TrendingService.swift; sourceTree = "<group>"; };
		307DF0E91D3ECB5B003EFE41 /* Unbox.framework */ = {isa = PBXFileReference; lastKnownFileType = wrapper.framework; name = Unbox.framework; path = ../Carthage/Build/iOS/Unbox.framework; sourceTree = "<group>"; };
		307DF0F01D3ED215003EFE41 /* Response.swift */ = {isa = PBXFileReference; fileEncoding = 4; lastKnownFileType = sourcecode.swift; path = Response.swift; sourceTree = "<group>"; };
		307DF0F41D3EDF01003EFE41 /* Decodable.swift */ = {isa = PBXFileReference; fileEncoding = 4; lastKnownFileType = sourcecode.swift; path = Decodable.swift; sourceTree = "<group>"; };
		3089E8C11D2D943E00726903 /* SearchService.swift */ = {isa = PBXFileReference; fileEncoding = 4; lastKnownFileType = sourcecode.swift; path = SearchService.swift; sourceTree = "<group>"; };
		3089E8C41D2D9F9400726903 /* ServiceTests.swift */ = {isa = PBXFileReference; fileEncoding = 4; lastKnownFileType = sourcecode.swift; path = ServiceTests.swift; sourceTree = "<group>"; };
		30A0C2281D3C4E6300627ECB /* Error.swift */ = {isa = PBXFileReference; fileEncoding = 4; lastKnownFileType = sourcecode.swift; path = Error.swift; sourceTree = "<group>"; };
		30A357EF1D3EF06F00B6183F /* Item.swift */ = {isa = PBXFileReference; fileEncoding = 4; lastKnownFileType = sourcecode.swift; path = Item.swift; sourceTree = "<group>"; };
		30A357F11D3EF0F100B6183F /* Response+Decodable.swift */ = {isa = PBXFileReference; fileEncoding = 4; lastKnownFileType = sourcecode.swift; path = "Response+Decodable.swift"; sourceTree = "<group>"; };
		30A357F31D3EF1BE00B6183F /* Framable.swift */ = {isa = PBXFileReference; fileEncoding = 4; lastKnownFileType = sourcecode.swift; path = Framable.swift; sourceTree = "<group>"; };
		30A357F51D3EF4E100B6183F /* NSDateFormatter+GiraffeKit.swift */ = {isa = PBXFileReference; fileEncoding = 4; lastKnownFileType = sourcecode.swift; path = "NSDateFormatter+GiraffeKit.swift"; sourceTree = "<group>"; };
		30A357F71D3EF66B00B6183F /* NSDateFormatter+GiraffeKitTests.swift */ = {isa = PBXFileReference; fileEncoding = 4; lastKnownFileType = sourcecode.swift; path = "NSDateFormatter+GiraffeKitTests.swift"; sourceTree = "<group>"; };
		30F2AE991D4E6F4D00E3496F /* Parameters.swift */ = {isa = PBXFileReference; fileEncoding = 4; lastKnownFileType = sourcecode.swift; path = Parameters.swift; sourceTree = "<group>"; };
/* End PBXFileReference section */

/* Begin PBXFrameworksBuildPhase section */
		30061BBC1D2920FE00ABEF7F /* Frameworks */ = {
			isa = PBXFrameworksBuildPhase;
			buildActionMask = 2147483647;
			files = (
				307DF0EA1D3ECB5B003EFE41 /* Unbox.framework in Frameworks */,
			);
			runOnlyForDeploymentPostprocessing = 0;
		};
		30061BC71D2920FE00ABEF7F /* Frameworks */ = {
			isa = PBXFrameworksBuildPhase;
			buildActionMask = 2147483647;
			files = (
				30061BCB1D2920FE00ABEF7F /* GiraffeKit.framework in Frameworks */,
				30A357FA1D3EF7EA00B6183F /* Unbox.framework in Frameworks */,
			);
			runOnlyForDeploymentPostprocessing = 0;
		};
/* End PBXFrameworksBuildPhase section */

/* Begin PBXGroup section */
		30061BB61D2920FE00ABEF7F = {
			isa = PBXGroup;
			children = (
				30061BC21D2920FE00ABEF7F /* GiraffeKit */,
				30061BCE1D2920FE00ABEF7F /* GiraffeKitTests */,
				30061BC11D2920FE00ABEF7F /* Products */,
				307DF0E81D3ECB5A003EFE41 /* Frameworks */,
			);
			sourceTree = "<group>";
		};
		30061BC11D2920FE00ABEF7F /* Products */ = {
			isa = PBXGroup;
			children = (
				30061BC01D2920FE00ABEF7F /* GiraffeKit.framework */,
				30061BCA1D2920FE00ABEF7F /* GiraffeKitTests.xctest */,
			);
			name = Products;
			sourceTree = "<group>";
		};
		30061BC21D2920FE00ABEF7F /* GiraffeKit */ = {
			isa = PBXGroup;
			children = (
				30061BC31D2920FE00ABEF7F /* GiraffeKit.h */,
				307DF0ED1D3ED1C2003EFE41 /* Service */,
				307DF0EE1D3ED1D3003EFE41 /* Model */,
				307DF0F61D3EDF1E003EFE41 /* Common */,
				307DF0EF1D3ED1E8003EFE41 /* Supporting Files */,
			);
			path = GiraffeKit;
			sourceTree = "<group>";
		};
		30061BCE1D2920FE00ABEF7F /* GiraffeKitTests */ = {
			isa = PBXGroup;
			children = (
				30061BCF1D2920FE00ABEF7F /* GiraffeKitTests.swift */,
				3089E8C41D2D9F9400726903 /* ServiceTests.swift */,
				30A357F71D3EF66B00B6183F /* NSDateFormatter+GiraffeKitTests.swift */,
				30061BD11D2920FE00ABEF7F /* Info.plist */,
			);
			path = GiraffeKitTests;
			sourceTree = "<group>";
		};
		307DF0E81D3ECB5A003EFE41 /* Frameworks */ = {
			isa = PBXGroup;
			children = (
				307DF0E91D3ECB5B003EFE41 /* Unbox.framework */,
			);
			name = Frameworks;
			sourceTree = "<group>";
		};
		307DF0ED1D3ED1C2003EFE41 /* Service */ = {
			isa = PBXGroup;
			children = (
				30502EA11D2D19A60092A8AD /* Service.swift */,
				30502EA41D2D1AC60092A8AD /* TrendingService.swift */,
				3089E8C11D2D943E00726903 /* SearchService.swift */,
				30F2AE991D4E6F4D00E3496F /* Parameters.swift */,
			);
			name = Service;
			sourceTree = "<group>";
		};
		307DF0EE1D3ED1D3003EFE41 /* Model */ = {
			isa = PBXGroup;
			children = (
				30A357EF1D3EF06F00B6183F /* Item.swift */,
				307DF0F01D3ED215003EFE41 /* Response.swift */,
				30A357F11D3EF0F100B6183F /* Response+Decodable.swift */,
			);
			name = Model;
			sourceTree = "<group>";
		};
		307DF0EF1D3ED1E8003EFE41 /* Supporting Files */ = {
			isa = PBXGroup;
			children = (
				30061BC51D2920FE00ABEF7F /* Info.plist */,
			);
			name = "Supporting Files";
			sourceTree = "<group>";
		};
		307DF0F61D3EDF1E003EFE41 /* Common */ = {
			isa = PBXGroup;
			children = (
				307DF0F41D3EDF01003EFE41 /* Decodable.swift */,
				30A0C2281D3C4E6300627ECB /* Error.swift */,
				30A357F31D3EF1BE00B6183F /* Framable.swift */,
				30A357F51D3EF4E100B6183F /* NSDateFormatter+GiraffeKit.swift */,
			);
			name = Common;
			sourceTree = "<group>";
		};
/* End PBXGroup section */

/* Begin PBXHeadersBuildPhase section */
		30061BBD1D2920FE00ABEF7F /* Headers */ = {
			isa = PBXHeadersBuildPhase;
			buildActionMask = 2147483647;
			files = (
				30061BC41D2920FE00ABEF7F /* GiraffeKit.h in Headers */,
			);
			runOnlyForDeploymentPostprocessing = 0;
		};
/* End PBXHeadersBuildPhase section */

/* Begin PBXNativeTarget section */
		30061BBF1D2920FE00ABEF7F /* GiraffeKit */ = {
			isa = PBXNativeTarget;
			buildConfigurationList = 30061BD41D2920FE00ABEF7F /* Build configuration list for PBXNativeTarget "GiraffeKit" */;
			buildPhases = (
				30061BBB1D2920FE00ABEF7F /* Sources */,
				30061BBC1D2920FE00ABEF7F /* Frameworks */,
				30061BBD1D2920FE00ABEF7F /* Headers */,
				30061BBE1D2920FE00ABEF7F /* Resources */,
				307DF0EC1D3ECF83003EFE41 /* Carthage Copy Frameworks */,
			);
			buildRules = (
			);
			dependencies = (
			);
			name = GiraffeKit;
			productName = GiraffeKit;
			productReference = 30061BC01D2920FE00ABEF7F /* GiraffeKit.framework */;
			productType = "com.apple.product-type.framework";
		};
		30061BC91D2920FE00ABEF7F /* GiraffeKitTests */ = {
			isa = PBXNativeTarget;
			buildConfigurationList = 30061BD71D2920FE00ABEF7F /* Build configuration list for PBXNativeTarget "GiraffeKitTests" */;
			buildPhases = (
				30061BC61D2920FE00ABEF7F /* Sources */,
				30061BC71D2920FE00ABEF7F /* Frameworks */,
				30061BC81D2920FE00ABEF7F /* Resources */,
				30A357FC1D3EFA2900B6183F /* Carthage Copy Frameworks */,
			);
			buildRules = (
			);
			dependencies = (
				30061BCD1D2920FE00ABEF7F /* PBXTargetDependency */,
			);
			name = GiraffeKitTests;
			productName = GiraffeKitTests;
			productReference = 30061BCA1D2920FE00ABEF7F /* GiraffeKitTests.xctest */;
			productType = "com.apple.product-type.bundle.unit-test";
		};
/* End PBXNativeTarget section */

/* Begin PBXProject section */
		30061BB71D2920FE00ABEF7F /* Project object */ = {
			isa = PBXProject;
			attributes = {
				LastSwiftUpdateCheck = 0800;
				LastUpgradeCheck = 0800;
				ORGANIZATIONNAME = "Yevhen Dubinin";
				TargetAttributes = {
					30061BBF1D2920FE00ABEF7F = {
						CreatedOnToolsVersion = 8.0;
						LastSwiftMigration = 0800;
						ProvisioningStyle = Automatic;
					};
					30061BC91D2920FE00ABEF7F = {
						CreatedOnToolsVersion = 8.0;
						ProvisioningStyle = Automatic;
					};
				};
			};
			buildConfigurationList = 30061BBA1D2920FE00ABEF7F /* Build configuration list for PBXProject "GiraffeKit" */;
			compatibilityVersion = "Xcode 3.2";
			developmentRegion = English;
			hasScannedForEncodings = 0;
			knownRegions = (
				en,
			);
			mainGroup = 30061BB61D2920FE00ABEF7F;
			productRefGroup = 30061BC11D2920FE00ABEF7F /* Products */;
			projectDirPath = "";
			projectRoot = "";
			targets = (
				30061BBF1D2920FE00ABEF7F /* GiraffeKit */,
				30061BC91D2920FE00ABEF7F /* GiraffeKitTests */,
			);
		};
/* End PBXProject section */

/* Begin PBXResourcesBuildPhase section */
		30061BBE1D2920FE00ABEF7F /* Resources */ = {
			isa = PBXResourcesBuildPhase;
			buildActionMask = 2147483647;
			files = (
			);
			runOnlyForDeploymentPostprocessing = 0;
		};
		30061BC81D2920FE00ABEF7F /* Resources */ = {
			isa = PBXResourcesBuildPhase;
			buildActionMask = 2147483647;
			files = (
			);
			runOnlyForDeploymentPostprocessing = 0;
		};
/* End PBXResourcesBuildPhase section */

/* Begin PBXShellScriptBuildPhase section */
		307DF0EC1D3ECF83003EFE41 /* Carthage Copy Frameworks */ = {
			isa = PBXShellScriptBuildPhase;
			buildActionMask = 2147483647;
			files = (
			);
			inputPaths = (
				"$(SRCROOT)/../Carthage/Build/iOS/Unbox.framework",
			);
			name = "Carthage Copy Frameworks";
			outputPaths = (
			);
			runOnlyForDeploymentPostprocessing = 0;
			shellPath = /bin/sh;
			shellScript = "/usr/local/bin/carthage copy-frameworks";
		};
/* End PBXShellScriptBuildPhase section */

/* Begin PBXSourcesBuildPhase section */
		30061BBB1D2920FE00ABEF7F /* Sources */ = {
			isa = PBXSourcesBuildPhase;
			buildActionMask = 2147483647;
			files = (
				30A357F01D3EF06F00B6183F /* Item.swift in Sources */,
				30A357F21D3EF0F100B6183F /* Response+Decodable.swift in Sources */,
				307DF0F51D3EDF01003EFE41 /* Decodable.swift in Sources */,
				3089E8C21D2D943E00726903 /* SearchService.swift in Sources */,
				30502EA51D2D1AC60092A8AD /* TrendingService.swift in Sources */,
				30502EA21D2D19A70092A8AD /* Service.swift in Sources */,
				30A357F41D3EF1BE00B6183F /* Framable.swift in Sources */,
				30A0C2291D3C4E6400627ECB /* Error.swift in Sources */,
				30A357F61D3EF4E100B6183F /* NSDateFormatter+GiraffeKit.swift in Sources */,
				307DF0F11D3ED215003EFE41 /* Response.swift in Sources */,
				30F2AE9A1D4E6F4D00E3496F /* Parameters.swift in Sources */,
			);
			runOnlyForDeploymentPostprocessing = 0;
		};
		30061BC61D2920FE00ABEF7F /* Sources */ = {
			isa = PBXSourcesBuildPhase;
			buildActionMask = 2147483647;
			files = (
				305B7C231D4F97A8009B3FF0 /* Parameters.swift in Sources */,
				30502EA61D2D1AC60092A8AD /* TrendingService.swift in Sources */,
				3089E8C31D2D943E00726903 /* SearchService.swift in Sources */,
				30A357FB1D3EF91A00B6183F /* NSDateFormatter+GiraffeKit.swift in Sources */,
				30061BD01D2920FE00ABEF7F /* GiraffeKitTests.swift in Sources */,
				30A357F81D3EF66B00B6183F /* NSDateFormatter+GiraffeKitTests.swift in Sources */,
				30A357F91D3EF78800B6183F /* Item.swift in Sources */,
				30502EA31D2D19A70092A8AD /* Service.swift in Sources */,
				3089E8C51D2D9F9400726903 /* ServiceTests.swift in Sources */,
			);
			runOnlyForDeploymentPostprocessing = 0;
		};
/* End PBXSourcesBuildPhase section */

/* Begin PBXTargetDependency section */
		30061BCD1D2920FE00ABEF7F /* PBXTargetDependency */ = {
			isa = PBXTargetDependency;
			target = 30061BBF1D2920FE00ABEF7F /* GiraffeKit */;
			targetProxy = 30061BCC1D2920FE00ABEF7F /* PBXContainerItemProxy */;
		};
/* End PBXTargetDependency section */

/* Begin XCBuildConfiguration section */
		30061BD21D2920FE00ABEF7F /* Debug */ = {
			isa = XCBuildConfiguration;
			buildSettings = {
				ALWAYS_SEARCH_USER_PATHS = NO;
				CLANG_ANALYZER_NONNULL = YES;
				CLANG_CXX_LANGUAGE_STANDARD = "gnu++0x";
				CLANG_CXX_LIBRARY = "libc++";
				CLANG_ENABLE_MODULES = YES;
				CLANG_ENABLE_OBJC_ARC = YES;
				CLANG_WARN_BOOL_CONVERSION = YES;
				CLANG_WARN_CONSTANT_CONVERSION = YES;
				CLANG_WARN_DIRECT_OBJC_ISA_USAGE = YES_ERROR;
				CLANG_WARN_DOCUMENTATION_COMMENTS = YES;
				CLANG_WARN_EMPTY_BODY = YES;
				CLANG_WARN_ENUM_CONVERSION = YES;
				CLANG_WARN_INT_CONVERSION = YES;
				CLANG_WARN_OBJC_ROOT_CLASS = YES_ERROR;
				CLANG_WARN_UNREACHABLE_CODE = YES;
				CLANG_WARN__DUPLICATE_METHOD_MATCH = YES;
				"CODE_SIGN_IDENTITY[sdk=iphoneos*]" = "iPhone Developer";
				COPY_PHASE_STRIP = NO;
				CURRENT_PROJECT_VERSION = 1;
				DEBUG_INFORMATION_FORMAT = dwarf;
				ENABLE_STRICT_OBJC_MSGSEND = YES;
				ENABLE_TESTABILITY = YES;
				GCC_C_LANGUAGE_STANDARD = gnu99;
				GCC_DYNAMIC_NO_PIC = NO;
				GCC_NO_COMMON_BLOCKS = YES;
				GCC_OPTIMIZATION_LEVEL = 0;
				GCC_PREPROCESSOR_DEFINITIONS = (
					"DEBUG=1",
					"$(inherited)",
				);
				GCC_WARN_64_TO_32_BIT_CONVERSION = YES;
				GCC_WARN_ABOUT_RETURN_TYPE = YES_ERROR;
				GCC_WARN_UNDECLARED_SELECTOR = YES;
				GCC_WARN_UNINITIALIZED_AUTOS = YES_AGGRESSIVE;
				GCC_WARN_UNUSED_FUNCTION = YES;
				GCC_WARN_UNUSED_VARIABLE = YES;
				IPHONEOS_DEPLOYMENT_TARGET = 10.0;
				MTL_ENABLE_DEBUG_INFO = YES;
				ONLY_ACTIVE_ARCH = YES;
				SDKROOT = iphoneos;
				SWIFT_ACTIVE_COMPILATION_CONDITIONS = DEBUG;
				SWIFT_OPTIMIZATION_LEVEL = "-Onone";
				SWIFT_VERSION = 2.3;
				TARGETED_DEVICE_FAMILY = "1,2";
				VERSIONING_SYSTEM = "apple-generic";
				VERSION_INFO_PREFIX = "";
			};
			name = Debug;
		};
		30061BD31D2920FE00ABEF7F /* Release */ = {
			isa = XCBuildConfiguration;
			buildSettings = {
				ALWAYS_SEARCH_USER_PATHS = NO;
				CLANG_ANALYZER_NONNULL = YES;
				CLANG_CXX_LANGUAGE_STANDARD = "gnu++0x";
				CLANG_CXX_LIBRARY = "libc++";
				CLANG_ENABLE_MODULES = YES;
				CLANG_ENABLE_OBJC_ARC = YES;
				CLANG_WARN_BOOL_CONVERSION = YES;
				CLANG_WARN_CONSTANT_CONVERSION = YES;
				CLANG_WARN_DIRECT_OBJC_ISA_USAGE = YES_ERROR;
				CLANG_WARN_DOCUMENTATION_COMMENTS = YES;
				CLANG_WARN_EMPTY_BODY = YES;
				CLANG_WARN_ENUM_CONVERSION = YES;
				CLANG_WARN_INT_CONVERSION = YES;
				CLANG_WARN_OBJC_ROOT_CLASS = YES_ERROR;
				CLANG_WARN_UNREACHABLE_CODE = YES;
				CLANG_WARN__DUPLICATE_METHOD_MATCH = YES;
				"CODE_SIGN_IDENTITY[sdk=iphoneos*]" = "iPhone Developer";
				COPY_PHASE_STRIP = NO;
				CURRENT_PROJECT_VERSION = 1;
				DEBUG_INFORMATION_FORMAT = "dwarf-with-dsym";
				ENABLE_NS_ASSERTIONS = NO;
				ENABLE_STRICT_OBJC_MSGSEND = YES;
				GCC_C_LANGUAGE_STANDARD = gnu99;
				GCC_NO_COMMON_BLOCKS = YES;
				GCC_WARN_64_TO_32_BIT_CONVERSION = YES;
				GCC_WARN_ABOUT_RETURN_TYPE = YES_ERROR;
				GCC_WARN_UNDECLARED_SELECTOR = YES;
				GCC_WARN_UNINITIALIZED_AUTOS = YES_AGGRESSIVE;
				GCC_WARN_UNUSED_FUNCTION = YES;
				GCC_WARN_UNUSED_VARIABLE = YES;
				IPHONEOS_DEPLOYMENT_TARGET = 10.0;
				MTL_ENABLE_DEBUG_INFO = NO;
				SDKROOT = iphoneos;
				SWIFT_OPTIMIZATION_LEVEL = "-Owholemodule";
				SWIFT_VERSION = 2.3;
				TARGETED_DEVICE_FAMILY = "1,2";
				VALIDATE_PRODUCT = YES;
				VERSIONING_SYSTEM = "apple-generic";
				VERSION_INFO_PREFIX = "";
			};
			name = Release;
		};
		30061BD51D2920FE00ABEF7F /* Debug */ = {
			isa = XCBuildConfiguration;
			buildSettings = {
				CLANG_ENABLE_MODULES = YES;
				DEFINES_MODULE = YES;
				DYLIB_COMPATIBILITY_VERSION = 1;
				DYLIB_CURRENT_VERSION = 1;
				DYLIB_INSTALL_NAME_BASE = "@rpath";
				FRAMEWORK_SEARCH_PATHS = (
					"$(BUILT_PRODUCTS_DIR)/**",
					"$(SRCROOT)/../Carthage/Build/iOS",
				);
				HEADER_SEARCH_PATHS = "$(SRCROOT)/../Carthage/Build/iOS/**";
				INFOPLIST_FILE = GiraffeKit/Info.plist;
				INSTALL_PATH = "$(LOCAL_LIBRARY_DIR)/Frameworks";
				LD_RUNPATH_SEARCH_PATHS = "$(inherited) @executable_path/Frameworks @loader_path/Frameworks";
				PRODUCT_BUNDLE_IDENTIFIER = com.devgeniy.GiraffeKit;
				PRODUCT_NAME = "$(TARGET_NAME)";
				SKIP_INSTALL = YES;
				SWIFT_OPTIMIZATION_LEVEL = "-Onone";
				SWIFT_VERSION = 2.3;
			};
			name = Debug;
		};
		30061BD61D2920FE00ABEF7F /* Release */ = {
			isa = XCBuildConfiguration;
			buildSettings = {
				CLANG_ENABLE_MODULES = YES;
				DEFINES_MODULE = YES;
				DYLIB_COMPATIBILITY_VERSION = 1;
				DYLIB_CURRENT_VERSION = 1;
				DYLIB_INSTALL_NAME_BASE = "@rpath";
				FRAMEWORK_SEARCH_PATHS = (
					"$(BUILT_PRODUCTS_DIR)/**",
					"$(SRCROOT)/../Carthage/Build/iOS",
				);
				HEADER_SEARCH_PATHS = "$(SRCROOT)/../Carthage/Build/iOS/**";
				INFOPLIST_FILE = GiraffeKit/Info.plist;
				INSTALL_PATH = "$(LOCAL_LIBRARY_DIR)/Frameworks";
				LD_RUNPATH_SEARCH_PATHS = "$(inherited) @executable_path/Frameworks @loader_path/Frameworks";
				PRODUCT_BUNDLE_IDENTIFIER = com.devgeniy.GiraffeKit;
				PRODUCT_NAME = "$(TARGET_NAME)";
				SKIP_INSTALL = YES;
				SWIFT_VERSION = 2.3;
			};
			name = Release;
		};
		30061BD81D2920FE00ABEF7F /* Debug */ = {
			isa = XCBuildConfiguration;
			buildSettings = {
				FRAMEWORK_SEARCH_PATHS = (
					"$(BUILT_PRODUCTS_DIR)/**",
					"$(SRCROOT)/../Carthage/Build/iOS",
				);
				HEADER_SEARCH_PATHS = "$(SRCROOT)/../Carthage/Build/iOS";
				INFOPLIST_FILE = GiraffeKitTests/Info.plist;
				LD_RUNPATH_SEARCH_PATHS = "$(inherited) @executable_path/Frameworks @loader_path/Frameworks";
				PRODUCT_BUNDLE_IDENTIFIER = com.devgeniy.GiraffeKitTests;
				PRODUCT_NAME = "$(TARGET_NAME)";
				SWIFT_VERSION = 2.3;
			};
			name = Debug;
		};
		30061BD91D2920FE00ABEF7F /* Release */ = {
			isa = XCBuildConfiguration;
			buildSettings = {
				FRAMEWORK_SEARCH_PATHS = (
					"$(BUILT_PRODUCTS_DIR)/**",
					"$(SRCROOT)/../Carthage/Build/iOS",
				);
				HEADER_SEARCH_PATHS = "$(SRCROOT)/../Carthage/Build/iOS";
				INFOPLIST_FILE = GiraffeKitTests/Info.plist;
				LD_RUNPATH_SEARCH_PATHS = "$(inherited) @executable_path/Frameworks @loader_path/Frameworks";
				PRODUCT_BUNDLE_IDENTIFIER = com.devgeniy.GiraffeKitTests;
				PRODUCT_NAME = "$(TARGET_NAME)";
				SWIFT_VERSION = 2.3;
			};
			name = Release;
		};
/* End XCBuildConfiguration section */

/* Begin XCConfigurationList section */
		30061BBA1D2920FE00ABEF7F /* Build configuration list for PBXProject "GiraffeKit" */ = {
			isa = XCConfigurationList;
			buildConfigurations = (
				30061BD21D2920FE00ABEF7F /* Debug */,
				30061BD31D2920FE00ABEF7F /* Release */,
			);
			defaultConfigurationIsVisible = 0;
			defaultConfigurationName = Release;
		};
		30061BD41D2920FE00ABEF7F /* Build configuration list for PBXNativeTarget "GiraffeKit" */ = {
			isa = XCConfigurationList;
			buildConfigurations = (
				30061BD51D2920FE00ABEF7F /* Debug */,
				30061BD61D2920FE00ABEF7F /* Release */,
			);
			defaultConfigurationIsVisible = 0;
			defaultConfigurationName = Release;
		};
		30061BD71D2920FE00ABEF7F /* Build configuration list for PBXNativeTarget "GiraffeKitTests" */ = {
			isa = XCConfigurationList;
			buildConfigurations = (
				30061BD81D2920FE00ABEF7F /* Debug */,
				30061BD91D2920FE00ABEF7F /* Release */,
			);
			defaultConfigurationIsVisible = 0;
			defaultConfigurationName = Release;
		};
/* End XCConfigurationList section */
	};
	rootObject = 30061BB71D2920FE00ABEF7F /* Project object */;
}
