// !$*UTF8*$!
{
	archiveVersion = 1;
	classes = {
	};
	objectVersion = 46;
	objects = {

/* Begin PBXBuildFile section */
		30061B891D29209800ABEF7F /* AppDelegate.swift in Sources */ = {isa = PBXBuildFile; fileRef = 30061B881D29209800ABEF7F /* AppDelegate.swift */; };
		30061B8B1D29209800ABEF7F /* ViewController.swift in Sources */ = {isa = PBXBuildFile; fileRef = 30061B8A1D29209800ABEF7F /* ViewController.swift */; };
		30061B8E1D29209800ABEF7F /* Main.storyboard in Resources */ = {isa = PBXBuildFile; fileRef = 30061B8C1D29209800ABEF7F /* Main.storyboard */; };
		30061B901D29209800ABEF7F /* Assets.xcassets in Resources */ = {isa = PBXBuildFile; fileRef = 30061B8F1D29209800ABEF7F /* Assets.xcassets */; };
		30061B931D29209800ABEF7F /* LaunchScreen.storyboard in Resources */ = {isa = PBXBuildFile; fileRef = 30061B911D29209800ABEF7F /* LaunchScreen.storyboard */; };
		30061B9E1D29209800ABEF7F /* Giraffe_iOSTests.swift in Sources */ = {isa = PBXBuildFile; fileRef = 30061B9D1D29209800ABEF7F /* Giraffe_iOSTests.swift */; };
		30061BA91D29209800ABEF7F /* Giraffe_iOSUITests.swift in Sources */ = {isa = PBXBuildFile; fileRef = 30061BA81D29209800ABEF7F /* Giraffe_iOSUITests.swift */; };
/* End PBXBuildFile section */

/* Begin PBXContainerItemProxy section */
		30061B9A1D29209800ABEF7F /* PBXContainerItemProxy */ = {
			isa = PBXContainerItemProxy;
			containerPortal = 30061B7D1D29209800ABEF7F /* Project object */;
			proxyType = 1;
			remoteGlobalIDString = 30061B841D29209800ABEF7F;
			remoteInfo = "Giraffe-iOS";
		};
		30061BA51D29209800ABEF7F /* PBXContainerItemProxy */ = {
			isa = PBXContainerItemProxy;
			containerPortal = 30061B7D1D29209800ABEF7F /* Project object */;
			proxyType = 1;
			remoteGlobalIDString = 30061B841D29209800ABEF7F;
			remoteInfo = "Giraffe-iOS";
		};
/* End PBXContainerItemProxy section */

/* Begin PBXFileReference section */
		30061B851D29209800ABEF7F /* Giraffe-iOS.app */ = {isa = PBXFileReference; explicitFileType = wrapper.application; includeInIndex = 0; path = "Giraffe-iOS.app"; sourceTree = BUILT_PRODUCTS_DIR; };
		30061B881D29209800ABEF7F /* AppDelegate.swift */ = {isa = PBXFileReference; lastKnownFileType = sourcecode.swift; path = AppDelegate.swift; sourceTree = "<group>"; };
		30061B8A1D29209800ABEF7F /* ViewController.swift */ = {isa = PBXFileReference; lastKnownFileType = sourcecode.swift; path = ViewController.swift; sourceTree = "<group>"; };
		30061B8D1D29209800ABEF7F /* Base */ = {isa = PBXFileReference; lastKnownFileType = file.storyboard; name = Base; path = Base.lproj/Main.storyboard; sourceTree = "<group>"; };
		30061B8F1D29209800ABEF7F /* Assets.xcassets */ = {isa = PBXFileReference; lastKnownFileType = folder.assetcatalog; path = Assets.xcassets; sourceTree = "<group>"; };
		30061B921D29209800ABEF7F /* Base */ = {isa = PBXFileReference; lastKnownFileType = file.storyboard; name = Base; path = Base.lproj/LaunchScreen.storyboard; sourceTree = "<group>"; };
		30061B941D29209800ABEF7F /* Info.plist */ = {isa = PBXFileReference; lastKnownFileType = text.plist.xml; path = Info.plist; sourceTree = "<group>"; };
		30061B991D29209800ABEF7F /* Giraffe-iOSTests.xctest */ = {isa = PBXFileReference; explicitFileType = wrapper.cfbundle; includeInIndex = 0; path = "Giraffe-iOSTests.xctest"; sourceTree = BUILT_PRODUCTS_DIR; };
		30061B9D1D29209800ABEF7F /* Giraffe_iOSTests.swift */ = {isa = PBXFileReference; lastKnownFileType = sourcecode.swift; path = Giraffe_iOSTests.swift; sourceTree = "<group>"; };
		30061B9F1D29209800ABEF7F /* Info.plist */ = {isa = PBXFileReference; lastKnownFileType = text.plist.xml; path = Info.plist; sourceTree = "<group>"; };
		30061BA41D29209800ABEF7F /* Giraffe-iOSUITests.xctest */ = {isa = PBXFileReference; explicitFileType = wrapper.cfbundle; includeInIndex = 0; path = "Giraffe-iOSUITests.xctest"; sourceTree = BUILT_PRODUCTS_DIR; };
		30061BA81D29209800ABEF7F /* Giraffe_iOSUITests.swift */ = {isa = PBXFileReference; lastKnownFileType = sourcecode.swift; path = Giraffe_iOSUITests.swift; sourceTree = "<group>"; };
		30061BAA1D29209800ABEF7F /* Info.plist */ = {isa = PBXFileReference; lastKnownFileType = text.plist.xml; path = Info.plist; sourceTree = "<group>"; };
/* End PBXFileReference section */

/* Begin PBXFrameworksBuildPhase section */
		30061B821D29209800ABEF7F /* Frameworks */ = {
			isa = PBXFrameworksBuildPhase;
			buildActionMask = 2147483647;
			files = (
			);
			runOnlyForDeploymentPostprocessing = 0;
		};
		30061B961D29209800ABEF7F /* Frameworks */ = {
			isa = PBXFrameworksBuildPhase;
			buildActionMask = 2147483647;
			files = (
			);
			runOnlyForDeploymentPostprocessing = 0;
		};
		30061BA11D29209800ABEF7F /* Frameworks */ = {
			isa = PBXFrameworksBuildPhase;
			buildActionMask = 2147483647;
			files = (
			);
			runOnlyForDeploymentPostprocessing = 0;
		};
/* End PBXFrameworksBuildPhase section */

/* Begin PBXGroup section */
		30061B7C1D29209800ABEF7F = {
			isa = PBXGroup;
			children = (
				30061B871D29209800ABEF7F /* Giraffe-iOS */,
				30061B9C1D29209800ABEF7F /* Giraffe-iOSTests */,
				30061BA71D29209800ABEF7F /* Giraffe-iOSUITests */,
				30061B861D29209800ABEF7F /* Products */,
			);
			sourceTree = "<group>";
		};
		30061B861D29209800ABEF7F /* Products */ = {
			isa = PBXGroup;
			children = (
				30061B851D29209800ABEF7F /* Giraffe-iOS.app */,
				30061B991D29209800ABEF7F /* Giraffe-iOSTests.xctest */,
				30061BA41D29209800ABEF7F /* Giraffe-iOSUITests.xctest */,
			);
			name = Products;
			sourceTree = "<group>";
		};
		30061B871D29209800ABEF7F /* Giraffe-iOS */ = {
			isa = PBXGroup;
			children = (
				30061B881D29209800ABEF7F /* AppDelegate.swift */,
				30061B8A1D29209800ABEF7F /* ViewController.swift */,
				30061B8C1D29209800ABEF7F /* Main.storyboard */,
				30061B8F1D29209800ABEF7F /* Assets.xcassets */,
				30061B911D29209800ABEF7F /* LaunchScreen.storyboard */,
				30061B941D29209800ABEF7F /* Info.plist */,
			);
			path = "Giraffe-iOS";
			sourceTree = "<group>";
		};
		30061B9C1D29209800ABEF7F /* Giraffe-iOSTests */ = {
			isa = PBXGroup;
			children = (
				30061B9D1D29209800ABEF7F /* Giraffe_iOSTests.swift */,
				30061B9F1D29209800ABEF7F /* Info.plist */,
			);
			path = "Giraffe-iOSTests";
			sourceTree = "<group>";
		};
		30061BA71D29209800ABEF7F /* Giraffe-iOSUITests */ = {
			isa = PBXGroup;
			children = (
				30061BA81D29209800ABEF7F /* Giraffe_iOSUITests.swift */,
				30061BAA1D29209800ABEF7F /* Info.plist */,
			);
			path = "Giraffe-iOSUITests";
			sourceTree = "<group>";
		};
/* End PBXGroup section */

/* Begin PBXNativeTarget section */
		30061B841D29209800ABEF7F /* Giraffe-iOS */ = {
			isa = PBXNativeTarget;
			buildConfigurationList = 30061BAD1D29209800ABEF7F /* Build configuration list for PBXNativeTarget "Giraffe-iOS" */;
			buildPhases = (
				30061B811D29209800ABEF7F /* Sources */,
				30061B821D29209800ABEF7F /* Frameworks */,
				30061B831D29209800ABEF7F /* Resources */,
			);
			buildRules = (
			);
			dependencies = (
			);
			name = "Giraffe-iOS";
			productName = "Giraffe-iOS";
			productReference = 30061B851D29209800ABEF7F /* Giraffe-iOS.app */;
			productType = "com.apple.product-type.application";
		};
		30061B981D29209800ABEF7F /* Giraffe-iOSTests */ = {
			isa = PBXNativeTarget;
			buildConfigurationList = 30061BB01D29209800ABEF7F /* Build configuration list for PBXNativeTarget "Giraffe-iOSTests" */;
			buildPhases = (
				30061B951D29209800ABEF7F /* Sources */,
				30061B961D29209800ABEF7F /* Frameworks */,
				30061B971D29209800ABEF7F /* Resources */,
			);
			buildRules = (
			);
			dependencies = (
				30061B9B1D29209800ABEF7F /* PBXTargetDependency */,
			);
			name = "Giraffe-iOSTests";
			productName = "Giraffe-iOSTests";
			productReference = 30061B991D29209800ABEF7F /* Giraffe-iOSTests.xctest */;
			productType = "com.apple.product-type.bundle.unit-test";
		};
		30061BA31D29209800ABEF7F /* Giraffe-iOSUITests */ = {
			isa = PBXNativeTarget;
			buildConfigurationList = 30061BB31D29209800ABEF7F /* Build configuration list for PBXNativeTarget "Giraffe-iOSUITests" */;
			buildPhases = (
				30061BA01D29209800ABEF7F /* Sources */,
				30061BA11D29209800ABEF7F /* Frameworks */,
				30061BA21D29209800ABEF7F /* Resources */,
			);
			buildRules = (
			);
			dependencies = (
				30061BA61D29209800ABEF7F /* PBXTargetDependency */,
			);
			name = "Giraffe-iOSUITests";
			productName = "Giraffe-iOSUITests";
			productReference = 30061BA41D29209800ABEF7F /* Giraffe-iOSUITests.xctest */;
			productType = "com.apple.product-type.bundle.ui-testing";
		};
/* End PBXNativeTarget section */

/* Begin PBXProject section */
		30061B7D1D29209800ABEF7F /* Project object */ = {
			isa = PBXProject;
			attributes = {
				LastSwiftUpdateCheck = 0800;
				LastUpgradeCheck = 0800;
				ORGANIZATIONNAME = "Yevhen Dubinin";
				TargetAttributes = {
					30061B841D29209800ABEF7F = {
						CreatedOnToolsVersion = 8.0;
						DevelopmentTeam = QL6S7D28EA;
						DevelopmentTeamName = "Yevhen Dubinin";
						ProvisioningStyle = Automatic;
					};
					30061B981D29209800ABEF7F = {
						CreatedOnToolsVersion = 8.0;
						DevelopmentTeam = QL6S7D28EA;
						DevelopmentTeamName = "Yevhen Dubinin";
						ProvisioningStyle = Automatic;
						TestTargetID = 30061B841D29209800ABEF7F;
					};
					30061BA31D29209800ABEF7F = {
						CreatedOnToolsVersion = 8.0;
						DevelopmentTeam = QL6S7D28EA;
						DevelopmentTeamName = "Yevhen Dubinin";
						ProvisioningStyle = Automatic;
						TestTargetID = 30061B841D29209800ABEF7F;
					};
				};
			};
			buildConfigurationList = 30061B801D29209800ABEF7F /* Build configuration list for PBXProject "Giraffe-iOS" */;
			compatibilityVersion = "Xcode 3.2";
			developmentRegion = English;
			hasScannedForEncodings = 0;
			knownRegions = (
				en,
				Base,
			);
			mainGroup = 30061B7C1D29209800ABEF7F;
			productRefGroup = 30061B861D29209800ABEF7F /* Products */;
			projectDirPath = "";
			projectRoot = "";
			targets = (
				30061B841D29209800ABEF7F /* Giraffe-iOS */,
				30061B981D29209800ABEF7F /* Giraffe-iOSTests */,
				30061BA31D29209800ABEF7F /* Giraffe-iOSUITests */,
			);
		};
/* End PBXProject section */

/* Begin PBXResourcesBuildPhase section */
		30061B831D29209800ABEF7F /* Resources */ = {
			isa = PBXResourcesBuildPhase;
			buildActionMask = 2147483647;
			files = (
				30061B931D29209800ABEF7F /* LaunchScreen.storyboard in Resources */,
				30061B901D29209800ABEF7F /* Assets.xcassets in Resources */,
				30061B8E1D29209800ABEF7F /* Main.storyboard in Resources */,
			);
			runOnlyForDeploymentPostprocessing = 0;
		};
		30061B971D29209800ABEF7F /* Resources */ = {
			isa = PBXResourcesBuildPhase;
			buildActionMask = 2147483647;
			files = (
			);
			runOnlyForDeploymentPostprocessing = 0;
		};
		30061BA21D29209800ABEF7F /* Resources */ = {
			isa = PBXResourcesBuildPhase;
			buildActionMask = 2147483647;
			files = (
			);
			runOnlyForDeploymentPostprocessing = 0;
		};
/* End PBXResourcesBuildPhase section */

/* Begin PBXSourcesBuildPhase section */
		30061B811D29209800ABEF7F /* Sources */ = {
			isa = PBXSourcesBuildPhase;
			buildActionMask = 2147483647;
			files = (
				30061B8B1D29209800ABEF7F /* ViewController.swift in Sources */,
				30061B891D29209800ABEF7F /* AppDelegate.swift in Sources */,
			);
			runOnlyForDeploymentPostprocessing = 0;
		};
		30061B951D29209800ABEF7F /* Sources */ = {
			isa = PBXSourcesBuildPhase;
			buildActionMask = 2147483647;
			files = (
				30061B9E1D29209800ABEF7F /* Giraffe_iOSTests.swift in Sources */,
			);
			runOnlyForDeploymentPostprocessing = 0;
		};
		30061BA01D29209800ABEF7F /* Sources */ = {
			isa = PBXSourcesBuildPhase;
			buildActionMask = 2147483647;
			files = (
				30061BA91D29209800ABEF7F /* Giraffe_iOSUITests.swift in Sources */,
			);
			runOnlyForDeploymentPostprocessing = 0;
		};
/* End PBXSourcesBuildPhase section */

/* Begin PBXTargetDependency section */
		30061B9B1D29209800ABEF7F /* PBXTargetDependency */ = {
			isa = PBXTargetDependency;
			target = 30061B841D29209800ABEF7F /* Giraffe-iOS */;
			targetProxy = 30061B9A1D29209800ABEF7F /* PBXContainerItemProxy */;
		};
		30061BA61D29209800ABEF7F /* PBXTargetDependency */ = {
			isa = PBXTargetDependency;
			target = 30061B841D29209800ABEF7F /* Giraffe-iOS */;
			targetProxy = 30061BA51D29209800ABEF7F /* PBXContainerItemProxy */;
		};
/* End PBXTargetDependency section */

/* Begin PBXVariantGroup section */
		30061B8C1D29209800ABEF7F /* Main.storyboard */ = {
			isa = PBXVariantGroup;
			children = (
				30061B8D1D29209800ABEF7F /* Base */,
			);
			name = Main.storyboard;
			sourceTree = "<group>";
		};
		30061B911D29209800ABEF7F /* LaunchScreen.storyboard */ = {
			isa = PBXVariantGroup;
			children = (
				30061B921D29209800ABEF7F /* Base */,
			);
			name = LaunchScreen.storyboard;
			sourceTree = "<group>";
		};
/* End PBXVariantGroup section */

/* Begin XCBuildConfiguration section */
		30061BAB1D29209800ABEF7F /* Debug */ = {
			isa = XCBuildConfiguration;
			buildSettings = {
				ALWAYS_SEARCH_USER_PATHS = NO;
				CLANG_ANALYZER_NONNULL = YES;
				CLANG_CXX_LANGUAGE_STANDARD = "gnu++0x";
				CLANG_CXX_LIBRARY = "libc++";
				CLANG_ENABLE_MODULES = YES;
				CLANG_ENABLE_OBJC_ARC = YES;
				CLANG_WARN_BOOL_CONVERSION = YES;
				CLANG_WARN_CONSTANT_CONVERSION = YES;
				CLANG_WARN_DIRECT_OBJC_ISA_USAGE = YES_ERROR;
				CLANG_WARN_DOCUMENTATION_COMMENTS = YES;
				CLANG_WARN_EMPTY_BODY = YES;
				CLANG_WARN_ENUM_CONVERSION = YES;
				CLANG_WARN_INT_CONVERSION = YES;
				CLANG_WARN_OBJC_ROOT_CLASS = YES_ERROR;
				CLANG_WARN_UNREACHABLE_CODE = YES;
				CLANG_WARN__DUPLICATE_METHOD_MATCH = YES;
				"CODE_SIGN_IDENTITY[sdk=iphoneos*]" = "iPhone Developer";
				COPY_PHASE_STRIP = NO;
				DEBUG_INFORMATION_FORMAT = dwarf;
				ENABLE_STRICT_OBJC_MSGSEND = YES;
				ENABLE_TESTABILITY = YES;
				GCC_C_LANGUAGE_STANDARD = gnu99;
				GCC_DYNAMIC_NO_PIC = NO;
				GCC_NO_COMMON_BLOCKS = YES;
				GCC_OPTIMIZATION_LEVEL = 0;
				GCC_PREPROCESSOR_DEFINITIONS = (
					"DEBUG=1",
					"$(inherited)",
				);
				GCC_WARN_64_TO_32_BIT_CONVERSION = YES;
				GCC_WARN_ABOUT_RETURN_TYPE = YES_ERROR;
				GCC_WARN_UNDECLARED_SELECTOR = YES;
				GCC_WARN_UNINITIALIZED_AUTOS = YES_AGGRESSIVE;
				GCC_WARN_UNUSED_FUNCTION = YES;
				GCC_WARN_UNUSED_VARIABLE = YES;
				IPHONEOS_DEPLOYMENT_TARGET = 10.0;
				MTL_ENABLE_DEBUG_INFO = YES;
				ONLY_ACTIVE_ARCH = YES;
				SDKROOT = iphoneos;
				SWIFT_ACTIVE_COMPILATION_CONDITIONS = DEBUG;
				SWIFT_OPTIMIZATION_LEVEL = "-Onone";
				SWIFT_VERSION = 2.3;
				TARGETED_DEVICE_FAMILY = "1,2";
			};
			name = Debug;
		};
		30061BAC1D29209800ABEF7F /* Release */ = {
			isa = XCBuildConfiguration;
			buildSettings = {
				ALWAYS_SEARCH_USER_PATHS = NO;
				CLANG_ANALYZER_NONNULL = YES;
				CLANG_CXX_LANGUAGE_STANDARD = "gnu++0x";
				CLANG_CXX_LIBRARY = "libc++";
				CLANG_ENABLE_MODULES = YES;
				CLANG_ENABLE_OBJC_ARC = YES;
				CLANG_WARN_BOOL_CONVERSION = YES;
				CLANG_WARN_CONSTANT_CONVERSION = YES;
				CLANG_WARN_DIRECT_OBJC_ISA_USAGE = YES_ERROR;
				CLANG_WARN_DOCUMENTATION_COMMENTS = YES;
				CLANG_WARN_EMPTY_BODY = YES;
				CLANG_WARN_ENUM_CONVERSION = YES;
				CLANG_WARN_INT_CONVERSION = YES;
				CLANG_WARN_OBJC_ROOT_CLASS = YES_ERROR;
				CLANG_WARN_UNREACHABLE_CODE = YES;
				CLANG_WARN__DUPLICATE_METHOD_MATCH = YES;
				"CODE_SIGN_IDENTITY[sdk=iphoneos*]" = "iPhone Developer";
				COPY_PHASE_STRIP = NO;
				DEBUG_INFORMATION_FORMAT = "dwarf-with-dsym";
				ENABLE_NS_ASSERTIONS = NO;
				ENABLE_STRICT_OBJC_MSGSEND = YES;
				GCC_C_LANGUAGE_STANDARD = gnu99;
				GCC_NO_COMMON_BLOCKS = YES;
				GCC_WARN_64_TO_32_BIT_CONVERSION = YES;
				GCC_WARN_ABOUT_RETURN_TYPE = YES_ERROR;
				GCC_WARN_UNDECLARED_SELECTOR = YES;
				GCC_WARN_UNINITIALIZED_AUTOS = YES_AGGRESSIVE;
				GCC_WARN_UNUSED_FUNCTION = YES;
				GCC_WARN_UNUSED_VARIABLE = YES;
				IPHONEOS_DEPLOYMENT_TARGET = 10.0;
				MTL_ENABLE_DEBUG_INFO = NO;
				SDKROOT = iphoneos;
				SWIFT_OPTIMIZATION_LEVEL = "-Owholemodule";
				SWIFT_VERSION = 2.3;
				TARGETED_DEVICE_FAMILY = "1,2";
				VALIDATE_PRODUCT = YES;
			};
			name = Release;
		};
		30061BAE1D29209800ABEF7F /* Debug */ = {
			isa = XCBuildConfiguration;
			buildSettings = {
				ASSETCATALOG_COMPILER_APPICON_NAME = AppIcon;
				FRAMEWORK_SEARCH_PATHS = "$(SRCROOT)/../Carthage/Build/iOS/**";
				INFOPLIST_FILE = "Giraffe-iOS/Info.plist";
				LD_RUNPATH_SEARCH_PATHS = "$(inherited) @executable_path/Frameworks";
				PRODUCT_BUNDLE_IDENTIFIER = "com.devgeniy.Giraffe-iOS";
				PRODUCT_NAME = "$(TARGET_NAME)";
				SWIFT_VERSION = 2.3;
			};
			name = Debug;
		};
		30061BAF1D29209800ABEF7F /* Release */ = {
			isa = XCBuildConfiguration;
			buildSettings = {
				ASSETCATALOG_COMPILER_APPICON_NAME = AppIcon;
				FRAMEWORK_SEARCH_PATHS = "$(SRCROOT)/../Carthage/Build/iOS/**";
				INFOPLIST_FILE = "Giraffe-iOS/Info.plist";
				LD_RUNPATH_SEARCH_PATHS = "$(inherited) @executable_path/Frameworks";
				PRODUCT_BUNDLE_IDENTIFIER = "com.devgeniy.Giraffe-iOS";
				PRODUCT_NAME = "$(TARGET_NAME)";
				SWIFT_VERSION = 2.3;
			};
			name = Release;
		};
		30061BB11D29209800ABEF7F /* Debug */ = {
			isa = XCBuildConfiguration;
			buildSettings = {
				BUNDLE_LOADER = "$(TEST_HOST)";
				INFOPLIST_FILE = "Giraffe-iOSTests/Info.plist";
				LD_RUNPATH_SEARCH_PATHS = "$(inherited) @executable_path/Frameworks @loader_path/Frameworks";
				PRODUCT_BUNDLE_IDENTIFIER = "com.devgeniy.Giraffe-iOSTests";
				PRODUCT_NAME = "$(TARGET_NAME)";
				SWIFT_VERSION = 2.3;
				TEST_HOST = "$(BUILT_PRODUCTS_DIR)/Giraffe-iOS.app/Giraffe-iOS";
			};
			name = Debug;
		};
		30061BB21D29209800ABEF7F /* Release */ = {
			isa = XCBuildConfiguration;
			buildSettings = {
				BUNDLE_LOADER = "$(TEST_HOST)";
				INFOPLIST_FILE = "Giraffe-iOSTests/Info.plist";
				LD_RUNPATH_SEARCH_PATHS = "$(inherited) @executable_path/Frameworks @loader_path/Frameworks";
				PRODUCT_BUNDLE_IDENTIFIER = "com.devgeniy.Giraffe-iOSTests";
				PRODUCT_NAME = "$(TARGET_NAME)";
				SWIFT_VERSION = 2.3;
				TEST_HOST = "$(BUILT_PRODUCTS_DIR)/Giraffe-iOS.app/Giraffe-iOS";
			};
			name = Release;
		};
		30061BB41D29209800ABEF7F /* Debug */ = {
			isa = XCBuildConfiguration;
			buildSettings = {
				INFOPLIST_FILE = "Giraffe-iOSUITests/Info.plist";
				LD_RUNPATH_SEARCH_PATHS = "$(inherited) @executable_path/Frameworks @loader_path/Frameworks";
				PRODUCT_BUNDLE_IDENTIFIER = "com.devgeniy.Giraffe-iOSUITests";
				PRODUCT_NAME = "$(TARGET_NAME)";
				SWIFT_VERSION = 2.3;
				TEST_TARGET_NAME = "Giraffe-iOS";
			};
			name = Debug;
		};
		30061BB51D29209800ABEF7F /* Release */ = {
			isa = XCBuildConfiguration;
			buildSettings = {
				INFOPLIST_FILE = "Giraffe-iOSUITests/Info.plist";
				LD_RUNPATH_SEARCH_PATHS = "$(inherited) @executable_path/Frameworks @loader_path/Frameworks";
				PRODUCT_BUNDLE_IDENTIFIER = "com.devgeniy.Giraffe-iOSUITests";
				PRODUCT_NAME = "$(TARGET_NAME)";
				SWIFT_VERSION = 2.3;
				TEST_TARGET_NAME = "Giraffe-iOS";
			};
			name = Release;
		};
/* End XCBuildConfiguration section */

/* Begin XCConfigurationList section */
		30061B801D29209800ABEF7F /* Build configuration list for PBXProject "Giraffe-iOS" */ = {
			isa = XCConfigurationList;
			buildConfigurations = (
				30061BAB1D29209800ABEF7F /* Debug */,
				30061BAC1D29209800ABEF7F /* Release */,
			);
			defaultConfigurationIsVisible = 0;
			defaultConfigurationName = Release;
		};
		30061BAD1D29209800ABEF7F /* Build configuration list for PBXNativeTarget "Giraffe-iOS" */ = {
			isa = XCConfigurationList;
			buildConfigurations = (
				30061BAE1D29209800ABEF7F /* Debug */,
				30061BAF1D29209800ABEF7F /* Release */,
			);
			defaultConfigurationIsVisible = 0;
			defaultConfigurationName = Release;
		};
		30061BB01D29209800ABEF7F /* Build configuration list for PBXNativeTarget "Giraffe-iOSTests" */ = {
			isa = XCConfigurationList;
			buildConfigurations = (
				30061BB11D29209800ABEF7F /* Debug */,
				30061BB21D29209800ABEF7F /* Release */,
			);
			defaultConfigurationIsVisible = 0;
			defaultConfigurationName = Release;
		};
		30061BB31D29209800ABEF7F /* Build configuration list for PBXNativeTarget "Giraffe-iOSUITests" */ = {
			isa = XCConfigurationList;
			buildConfigurations = (
				30061BB41D29209800ABEF7F /* Debug */,
				30061BB51D29209800ABEF7F /* Release */,
			);
			defaultConfigurationIsVisible = 0;
			defaultConfigurationName = Release;
		};
/* End XCConfigurationList section */
	};
	rootObject = 30061B7D1D29209800ABEF7F /* Project object */;
}
