// !$*UTF8*$!
{
	archiveVersion = 1;
	classes = {
	};
	objectVersion = 46;
	objects = {

/* Begin PBXBuildFile section */
		30061B891D29209800ABEF7F /* AppDelegate.swift in Sources */ = {isa = PBXBuildFile; fileRef = 30061B881D29209800ABEF7F /* AppDelegate.swift */; };
		30061B8B1D29209800ABEF7F /* TrendingViewController.swift in Sources */ = {isa = PBXBuildFile; fileRef = 30061B8A1D29209800ABEF7F /* TrendingViewController.swift */; };
		30061B8E1D29209800ABEF7F /* Main.storyboard in Resources */ = {isa = PBXBuildFile; fileRef = 30061B8C1D29209800ABEF7F /* Main.storyboard */; };
		30061B901D29209800ABEF7F /* Assets.xcassets in Resources */ = {isa = PBXBuildFile; fileRef = 30061B8F1D29209800ABEF7F /* Assets.xcassets */; };
		30061B931D29209800ABEF7F /* LaunchScreen.storyboard in Resources */ = {isa = PBXBuildFile; fileRef = 30061B911D29209800ABEF7F /* LaunchScreen.storyboard */; };
		30061B9E1D29209800ABEF7F /* Giraffe_iOSTests.swift in Sources */ = {isa = PBXBuildFile; fileRef = 30061B9D1D29209800ABEF7F /* Giraffe_iOSTests.swift */; };
		30061BA91D29209800ABEF7F /* Giraffe_iOSUITests.swift in Sources */ = {isa = PBXBuildFile; fileRef = 30061BA81D29209800ABEF7F /* Giraffe_iOSUITests.swift */; };
		30061BFA1D29CFF300ABEF7F /* 01.gif in Resources */ = {isa = PBXBuildFile; fileRef = 30061BF71D29CFF300ABEF7F /* 01.gif */; };
		30061BFB1D29CFF300ABEF7F /* 02.gif in Resources */ = {isa = PBXBuildFile; fileRef = 30061BF81D29CFF300ABEF7F /* 02.gif */; };
		30061BFC1D29CFF300ABEF7F /* 03.gif in Resources */ = {isa = PBXBuildFile; fileRef = 30061BF91D29CFF300ABEF7F /* 03.gif */; };
		30061C021D29D3A600ABEF7F /* FLAnimatedImage.framework in Frameworks */ = {isa = PBXBuildFile; fileRef = 30061C011D29D3A600ABEF7F /* FLAnimatedImage.framework */; };
		301593091D326D21009813E5 /* ReactiveCocoa.framework in Frameworks */ = {isa = PBXBuildFile; fileRef = 301593071D326D21009813E5 /* ReactiveCocoa.framework */; };
		3015930A1D326D21009813E5 /* Result.framework in Frameworks */ = {isa = PBXBuildFile; fileRef = 301593081D326D21009813E5 /* Result.framework */; };
		30305A3C1D3041B00059919F /* UIFont+Giraffe.swift in Sources */ = {isa = PBXBuildFile; fileRef = 30305A3B1D3041B00059919F /* UIFont+Giraffe.swift */; };
		30305A3F1D3052F60059919F /* InfoPlist.strings in Resources */ = {isa = PBXBuildFile; fileRef = 30305A411D3052F60059919F /* InfoPlist.strings */; };
		30305A431D3053940059919F /* AnimatedImageCell.swift in Sources */ = {isa = PBXBuildFile; fileRef = 30305A421D3053940059919F /* AnimatedImageCell.swift */; };
		306B61E41D4576100001EDB2 /* BaseViewController.swift in Sources */ = {isa = PBXBuildFile; fileRef = 306B61E31D4576100001EDB2 /* BaseViewController.swift */; };
		3089E8C91D2DA88700726903 /* GiraffeKit.framework in Frameworks */ = {isa = PBXBuildFile; fileRef = 3089E8C81D2DA88700726903 /* GiraffeKit.framework */; };
		3089E8CA1D2DA88700726903 /* GiraffeKit.framework in Embed Frameworks */ = {isa = PBXBuildFile; fileRef = 3089E8C81D2DA88700726903 /* GiraffeKit.framework */; settings = {ATTRIBUTES = (CodeSignOnCopy, RemoveHeadersOnCopy, ); }; };
		30A0C2271D3C32B300627ECB /* AnimatedImageViewModel.swift in Sources */ = {isa = PBXBuildFile; fileRef = 30A0C2261D3C32B300627ECB /* AnimatedImageViewModel.swift */; };
		30A3B90B1D2F893B00ADEF41 /* AnimatedImageCollectionViewController.swift in Sources */ = {isa = PBXBuildFile; fileRef = 30A3B90A1D2F893B00ADEF41 /* AnimatedImageCollectionViewController.swift */; };
		30A3B90D1D2F8A3A00ADEF41 /* CommonUserInterface.swift in Sources */ = {isa = PBXBuildFile; fileRef = 30A3B90C1D2F8A3A00ADEF41 /* CommonUserInterface.swift */; };
		30B3B7651D3A9D960077BCAA /* Trending.swift in Sources */ = {isa = PBXBuildFile; fileRef = 30B3B7641D3A9D960077BCAA /* Trending.swift */; };
		30B3B7671D3A9F140077BCAA /* TrendingViewModel.swift in Sources */ = {isa = PBXBuildFile; fileRef = 30B3B7661D3A9F140077BCAA /* TrendingViewModel.swift */; };
		30B3B76B1D3A9F600077BCAA /* RACHelpers.swift in Sources */ = {isa = PBXBuildFile; fileRef = 30B3B76A1D3A9F600077BCAA /* RACHelpers.swift */; };
		30B3B76F1D3AA16C0077BCAA /* ViewType.swift in Sources */ = {isa = PBXBuildFile; fileRef = 30B3B76E1D3AA16C0077BCAA /* ViewType.swift */; };
		30B3B7711D3AA17E0077BCAA /* ViewModelType.swift in Sources */ = {isa = PBXBuildFile; fileRef = 30B3B7701D3AA17E0077BCAA /* ViewModelType.swift */; };
		30B3B7731D3AA1C90077BCAA /* UIViewController+ViewType.swift in Sources */ = {isa = PBXBuildFile; fileRef = 30B3B7721D3AA1C90077BCAA /* UIViewController+ViewType.swift */; };
		30B3B7751D3AC0F70077BCAA /* UIKitExtensions.swift in Sources */ = {isa = PBXBuildFile; fileRef = 30B3B7741D3AC0F70077BCAA /* UIKitExtensions.swift */; };
		30CA4C2D1D302A0100A36F69 /* UIColor+Giraffe.swift in Sources */ = {isa = PBXBuildFile; fileRef = 30CA4C2C1D302A0100A36F69 /* UIColor+Giraffe.swift */; };
		30CA4C2F1D302AC000A36F69 /* UIColor+HEX.swift in Sources */ = {isa = PBXBuildFile; fileRef = 30CA4C2E1D302AC000A36F69 /* UIColor+HEX.swift */; };
		30CA50D71D45068B0030E566 /* SearchResultViewController.swift in Sources */ = {isa = PBXBuildFile; fileRef = 30CA50D61D45068B0030E566 /* SearchResultViewController.swift */; };
		30CA50D91D450C580030E566 /* SearchResult.swift in Sources */ = {isa = PBXBuildFile; fileRef = 30CA50D81D450C580030E566 /* SearchResult.swift */; };
		30CA50DB1D4510CA0030E566 /* SearchResultViewModel.swift in Sources */ = {isa = PBXBuildFile; fileRef = 30CA50DA1D4510CA0030E566 /* SearchResultViewModel.swift */; };
		30D6EE861D411F3E00356747 /* Nuke.framework in Frameworks */ = {isa = PBXBuildFile; fileRef = 30D6EE841D411F3E00356747 /* Nuke.framework */; };
		30D6EE871D411F3E00356747 /* NukeAnimatedImagePlugin.framework in Frameworks */ = {isa = PBXBuildFile; fileRef = 30D6EE851D411F3E00356747 /* NukeAnimatedImagePlugin.framework */; };
		30FC78651D4257DC00D5DE5E /* Unbox.framework in Frameworks */ = {isa = PBXBuildFile; fileRef = 30FC78641D4257DC00D5DE5E /* Unbox.framework */; };
		30FC78691D425E4F00D5DE5E /* Image+RAC.swift in Sources */ = {isa = PBXBuildFile; fileRef = 30FC78681D425E4F00D5DE5E /* Image+RAC.swift */; };
/* End PBXBuildFile section */

/* Begin PBXContainerItemProxy section */
		30061B9A1D29209800ABEF7F /* PBXContainerItemProxy */ = {
			isa = PBXContainerItemProxy;
			containerPortal = 30061B7D1D29209800ABEF7F /* Project object */;
			proxyType = 1;
			remoteGlobalIDString = 30061B841D29209800ABEF7F;
			remoteInfo = "Giraffe-iOS";
		};
		30061BA51D29209800ABEF7F /* PBXContainerItemProxy */ = {
			isa = PBXContainerItemProxy;
			containerPortal = 30061B7D1D29209800ABEF7F /* Project object */;
			proxyType = 1;
			remoteGlobalIDString = 30061B841D29209800ABEF7F;
			remoteInfo = "Giraffe-iOS";
		};
/* End PBXContainerItemProxy section */

/* Begin PBXCopyFilesBuildPhase section */
		3089E8CB1D2DA88700726903 /* Embed Frameworks */ = {
			isa = PBXCopyFilesBuildPhase;
			buildActionMask = 2147483647;
			dstPath = "";
			dstSubfolderSpec = 10;
			files = (
				3089E8CA1D2DA88700726903 /* GiraffeKit.framework in Embed Frameworks */,
			);
			name = "Embed Frameworks";
			runOnlyForDeploymentPostprocessing = 0;
		};
/* End PBXCopyFilesBuildPhase section */

/* Begin PBXFileReference section */
		30061B851D29209800ABEF7F /* Giraffe-iOS.app */ = {isa = PBXFileReference; explicitFileType = wrapper.application; includeInIndex = 0; path = "Giraffe-iOS.app"; sourceTree = BUILT_PRODUCTS_DIR; };
		30061B881D29209800ABEF7F /* AppDelegate.swift */ = {isa = PBXFileReference; lastKnownFileType = sourcecode.swift; path = AppDelegate.swift; sourceTree = "<group>"; };
		30061B8A1D29209800ABEF7F /* TrendingViewController.swift */ = {isa = PBXFileReference; lastKnownFileType = sourcecode.swift; path = TrendingViewController.swift; sourceTree = "<group>"; };
		30061B8D1D29209800ABEF7F /* Base */ = {isa = PBXFileReference; lastKnownFileType = file.storyboard; name = Base; path = Base.lproj/Main.storyboard; sourceTree = "<group>"; };
		30061B8F1D29209800ABEF7F /* Assets.xcassets */ = {isa = PBXFileReference; lastKnownFileType = folder.assetcatalog; path = Assets.xcassets; sourceTree = "<group>"; };
		30061B921D29209800ABEF7F /* Base */ = {isa = PBXFileReference; lastKnownFileType = file.storyboard; name = Base; path = Base.lproj/LaunchScreen.storyboard; sourceTree = "<group>"; };
		30061B941D29209800ABEF7F /* Info.plist */ = {isa = PBXFileReference; lastKnownFileType = text.plist.xml; path = Info.plist; sourceTree = "<group>"; };
		30061B991D29209800ABEF7F /* Giraffe-iOSTests.xctest */ = {isa = PBXFileReference; explicitFileType = wrapper.cfbundle; includeInIndex = 0; path = "Giraffe-iOSTests.xctest"; sourceTree = BUILT_PRODUCTS_DIR; };
		30061B9D1D29209800ABEF7F /* Giraffe_iOSTests.swift */ = {isa = PBXFileReference; lastKnownFileType = sourcecode.swift; path = Giraffe_iOSTests.swift; sourceTree = "<group>"; };
		30061B9F1D29209800ABEF7F /* Info.plist */ = {isa = PBXFileReference; lastKnownFileType = text.plist.xml; path = Info.plist; sourceTree = "<group>"; };
		30061BA41D29209800ABEF7F /* Giraffe-iOSUITests.xctest */ = {isa = PBXFileReference; explicitFileType = wrapper.cfbundle; includeInIndex = 0; path = "Giraffe-iOSUITests.xctest"; sourceTree = BUILT_PRODUCTS_DIR; };
		30061BA81D29209800ABEF7F /* Giraffe_iOSUITests.swift */ = {isa = PBXFileReference; lastKnownFileType = sourcecode.swift; path = Giraffe_iOSUITests.swift; sourceTree = "<group>"; };
		30061BAA1D29209800ABEF7F /* Info.plist */ = {isa = PBXFileReference; lastKnownFileType = text.plist.xml; path = Info.plist; sourceTree = "<group>"; };
		30061BF71D29CFF300ABEF7F /* 01.gif */ = {isa = PBXFileReference; lastKnownFileType = image.gif; name = 01.gif; path = SampleGIFs/01.gif; sourceTree = "<group>"; };
		30061BF81D29CFF300ABEF7F /* 02.gif */ = {isa = PBXFileReference; lastKnownFileType = image.gif; name = 02.gif; path = SampleGIFs/02.gif; sourceTree = "<group>"; };
		30061BF91D29CFF300ABEF7F /* 03.gif */ = {isa = PBXFileReference; lastKnownFileType = image.gif; name = 03.gif; path = SampleGIFs/03.gif; sourceTree = "<group>"; };
		30061C011D29D3A600ABEF7F /* FLAnimatedImage.framework */ = {isa = PBXFileReference; lastKnownFileType = wrapper.framework; name = FLAnimatedImage.framework; path = ../Carthage/Build/iOS/FLAnimatedImage.framework; sourceTree = "<group>"; };
		301593071D326D21009813E5 /* ReactiveCocoa.framework */ = {isa = PBXFileReference; lastKnownFileType = wrapper.framework; name = ReactiveCocoa.framework; path = ../Carthage/Build/iOS/ReactiveCocoa.framework; sourceTree = "<group>"; };
		301593081D326D21009813E5 /* Result.framework */ = {isa = PBXFileReference; lastKnownFileType = wrapper.framework; name = Result.framework; path = ../Carthage/Build/iOS/Result.framework; sourceTree = "<group>"; };
		30305A3B1D3041B00059919F /* UIFont+Giraffe.swift */ = {isa = PBXFileReference; fileEncoding = 4; lastKnownFileType = sourcecode.swift; path = "UIFont+Giraffe.swift"; sourceTree = "<group>"; };
		30305A401D3052F60059919F /* Base */ = {isa = PBXFileReference; lastKnownFileType = text.plist.strings; name = Base; path = Base.lproj/InfoPlist.strings; sourceTree = "<group>"; };
		30305A421D3053940059919F /* AnimatedImageCell.swift */ = {isa = PBXFileReference; fileEncoding = 4; lastKnownFileType = sourcecode.swift; path = AnimatedImageCell.swift; sourceTree = "<group>"; };
		306B61E31D4576100001EDB2 /* BaseViewController.swift */ = {isa = PBXFileReference; fileEncoding = 4; lastKnownFileType = sourcecode.swift; path = BaseViewController.swift; sourceTree = "<group>"; };
		3089E8C81D2DA88700726903 /* GiraffeKit.framework */ = {isa = PBXFileReference; lastKnownFileType = wrapper.framework; path = GiraffeKit.framework; sourceTree = BUILT_PRODUCTS_DIR; };
		30A0C2261D3C32B300627ECB /* AnimatedImageViewModel.swift */ = {isa = PBXFileReference; fileEncoding = 4; lastKnownFileType = sourcecode.swift; path = AnimatedImageViewModel.swift; sourceTree = "<group>"; };
		30A3B90A1D2F893B00ADEF41 /* AnimatedImageCollectionViewController.swift */ = {isa = PBXFileReference; fileEncoding = 4; lastKnownFileType = sourcecode.swift; path = AnimatedImageCollectionViewController.swift; sourceTree = "<group>"; };
		30A3B90C1D2F8A3A00ADEF41 /* CommonUserInterface.swift */ = {isa = PBXFileReference; fileEncoding = 4; lastKnownFileType = sourcecode.swift; path = CommonUserInterface.swift; sourceTree = "<group>"; };
		30B3B7641D3A9D960077BCAA /* Trending.swift */ = {isa = PBXFileReference; fileEncoding = 4; lastKnownFileType = sourcecode.swift; path = Trending.swift; sourceTree = "<group>"; };
		30B3B7661D3A9F140077BCAA /* TrendingViewModel.swift */ = {isa = PBXFileReference; fileEncoding = 4; lastKnownFileType = sourcecode.swift; path = TrendingViewModel.swift; sourceTree = "<group>"; };
		30B3B76A1D3A9F600077BCAA /* RACHelpers.swift */ = {isa = PBXFileReference; fileEncoding = 4; lastKnownFileType = sourcecode.swift; path = RACHelpers.swift; sourceTree = "<group>"; };
		30B3B76E1D3AA16C0077BCAA /* ViewType.swift */ = {isa = PBXFileReference; fileEncoding = 4; lastKnownFileType = sourcecode.swift; path = ViewType.swift; sourceTree = "<group>"; };
		30B3B7701D3AA17E0077BCAA /* ViewModelType.swift */ = {isa = PBXFileReference; fileEncoding = 4; lastKnownFileType = sourcecode.swift; path = ViewModelType.swift; sourceTree = "<group>"; };
		30B3B7721D3AA1C90077BCAA /* UIViewController+ViewType.swift */ = {isa = PBXFileReference; fileEncoding = 4; lastKnownFileType = sourcecode.swift; path = "UIViewController+ViewType.swift"; sourceTree = "<group>"; };
		30B3B7741D3AC0F70077BCAA /* UIKitExtensions.swift */ = {isa = PBXFileReference; fileEncoding = 4; lastKnownFileType = sourcecode.swift; path = UIKitExtensions.swift; sourceTree = "<group>"; };
		30CA4C2C1D302A0100A36F69 /* UIColor+Giraffe.swift */ = {isa = PBXFileReference; fileEncoding = 4; lastKnownFileType = sourcecode.swift; path = "UIColor+Giraffe.swift"; sourceTree = "<group>"; };
		30CA4C2E1D302AC000A36F69 /* UIColor+HEX.swift */ = {isa = PBXFileReference; fileEncoding = 4; lastKnownFileType = sourcecode.swift; path = "UIColor+HEX.swift"; sourceTree = "<group>"; };
		30CA50D61D45068B0030E566 /* SearchResultViewController.swift */ = {isa = PBXFileReference; fileEncoding = 4; lastKnownFileType = sourcecode.swift; path = SearchResultViewController.swift; sourceTree = "<group>"; };
		30CA50D81D450C580030E566 /* SearchResult.swift */ = {isa = PBXFileReference; fileEncoding = 4; lastKnownFileType = sourcecode.swift; path = SearchResult.swift; sourceTree = "<group>"; };
		30CA50DA1D4510CA0030E566 /* SearchResultViewModel.swift */ = {isa = PBXFileReference; fileEncoding = 4; lastKnownFileType = sourcecode.swift; path = SearchResultViewModel.swift; sourceTree = "<group>"; };
		30D6EE841D411F3E00356747 /* Nuke.framework */ = {isa = PBXFileReference; lastKnownFileType = wrapper.framework; name = Nuke.framework; path = ../Carthage/Build/iOS/Nuke.framework; sourceTree = "<group>"; };
		30D6EE851D411F3E00356747 /* NukeAnimatedImagePlugin.framework */ = {isa = PBXFileReference; lastKnownFileType = wrapper.framework; name = NukeAnimatedImagePlugin.framework; path = ../Carthage/Build/iOS/NukeAnimatedImagePlugin.framework; sourceTree = "<group>"; };
		30FC78641D4257DC00D5DE5E /* Unbox.framework */ = {isa = PBXFileReference; lastKnownFileType = wrapper.framework; name = Unbox.framework; path = ../Carthage/Build/iOS/Unbox.framework; sourceTree = "<group>"; };
		30FC78661D425AD300D5DE5E /* en */ = {isa = PBXFileReference; lastKnownFileType = text.plist.strings; name = en; path = en.lproj/InfoPlist.strings; sourceTree = "<group>"; };
		30FC78681D425E4F00D5DE5E /* Image+RAC.swift */ = {isa = PBXFileReference; fileEncoding = 4; lastKnownFileType = sourcecode.swift; path = "Image+RAC.swift"; sourceTree = "<group>"; };
/* End PBXFileReference section */

/* Begin PBXFrameworksBuildPhase section */
		30061B821D29209800ABEF7F /* Frameworks */ = {
			isa = PBXFrameworksBuildPhase;
			buildActionMask = 2147483647;
			files = (
				30FC78651D4257DC00D5DE5E /* Unbox.framework in Frameworks */,
				3089E8C91D2DA88700726903 /* GiraffeKit.framework in Frameworks */,
				30061C021D29D3A600ABEF7F /* FLAnimatedImage.framework in Frameworks */,
				30D6EE861D411F3E00356747 /* Nuke.framework in Frameworks */,
				30D6EE871D411F3E00356747 /* NukeAnimatedImagePlugin.framework in Frameworks */,
				301593091D326D21009813E5 /* ReactiveCocoa.framework in Frameworks */,
				3015930A1D326D21009813E5 /* Result.framework in Frameworks */,
			);
			runOnlyForDeploymentPostprocessing = 0;
		};
		30061B961D29209800ABEF7F /* Frameworks */ = {
			isa = PBXFrameworksBuildPhase;
			buildActionMask = 2147483647;
			files = (
			);
			runOnlyForDeploymentPostprocessing = 0;
		};
		30061BA11D29209800ABEF7F /* Frameworks */ = {
			isa = PBXFrameworksBuildPhase;
			buildActionMask = 2147483647;
			files = (
			);
			runOnlyForDeploymentPostprocessing = 0;
		};
/* End PBXFrameworksBuildPhase section */

/* Begin PBXGroup section */
		30061B7C1D29209800ABEF7F = {
			isa = PBXGroup;
			children = (
				30061B871D29209800ABEF7F /* Giraffe-iOS */,
				30061B9C1D29209800ABEF7F /* Giraffe-iOSTests */,
				30061BA71D29209800ABEF7F /* Giraffe-iOSUITests */,
				30061BF21D29C71C00ABEF7F /* Frameworks */,
				30061B861D29209800ABEF7F /* Products */,
			);
			sourceTree = "<group>";
		};
		30061B861D29209800ABEF7F /* Products */ = {
			isa = PBXGroup;
			children = (
				30061B851D29209800ABEF7F /* Giraffe-iOS.app */,
				30061B991D29209800ABEF7F /* Giraffe-iOSTests.xctest */,
				30061BA41D29209800ABEF7F /* Giraffe-iOSUITests.xctest */,
			);
			name = Products;
			sourceTree = "<group>";
		};
		30061B871D29209800ABEF7F /* Giraffe-iOS */ = {
			isa = PBXGroup;
			children = (
				30061B881D29209800ABEF7F /* AppDelegate.swift */,
				30B3B76D1D3AA1350077BCAA /* MVVM */,
				30D7D4A31D3A97C90063F684 /* Model */,
				30D7D4A41D3A97D00063F684 /* ViewModel */,
				30D7D4A21D3A97BF0063F684 /* View */,
				30B3B7691D3A9F460077BCAA /* Utils */,
				30FC78671D425E1400D5DE5E /* Reactive Extensions */,
				30CA4C2B1D30298600A36F69 /* Framework Extensions */,
				30061BF61D29CF9500ABEF7F /* SampleGIFs */,
				3089E8C71D2DA69800726903 /* Supporting Files */,
			);
			path = "Giraffe-iOS";
			sourceTree = "<group>";
		};
		30061B9C1D29209800ABEF7F /* Giraffe-iOSTests */ = {
			isa = PBXGroup;
			children = (
				30061B9D1D29209800ABEF7F /* Giraffe_iOSTests.swift */,
				30061B9F1D29209800ABEF7F /* Info.plist */,
			);
			path = "Giraffe-iOSTests";
			sourceTree = "<group>";
		};
		30061BA71D29209800ABEF7F /* Giraffe-iOSUITests */ = {
			isa = PBXGroup;
			children = (
				30061BA81D29209800ABEF7F /* Giraffe_iOSUITests.swift */,
				30061BAA1D29209800ABEF7F /* Info.plist */,
			);
			path = "Giraffe-iOSUITests";
			sourceTree = "<group>";
		};
		30061BF21D29C71C00ABEF7F /* Frameworks */ = {
			isa = PBXGroup;
			children = (
				30FC78641D4257DC00D5DE5E /* Unbox.framework */,
				30D6EE841D411F3E00356747 /* Nuke.framework */,
				30D6EE851D411F3E00356747 /* NukeAnimatedImagePlugin.framework */,
				3089E8C81D2DA88700726903 /* GiraffeKit.framework */,
				30061C011D29D3A600ABEF7F /* FLAnimatedImage.framework */,
				301593071D326D21009813E5 /* ReactiveCocoa.framework */,
				301593081D326D21009813E5 /* Result.framework */,
			);
			name = Frameworks;
			sourceTree = "<group>";
		};
		30061BF61D29CF9500ABEF7F /* SampleGIFs */ = {
			isa = PBXGroup;
			children = (
				30061BF71D29CFF300ABEF7F /* 01.gif */,
				30061BF81D29CFF300ABEF7F /* 02.gif */,
				30061BF91D29CFF300ABEF7F /* 03.gif */,
			);
			name = SampleGIFs;
			sourceTree = "<group>";
		};
		3089E8C71D2DA69800726903 /* Supporting Files */ = {
			isa = PBXGroup;
			children = (
				30061B8C1D29209800ABEF7F /* Main.storyboard */,
				30061B8F1D29209800ABEF7F /* Assets.xcassets */,
				30061B911D29209800ABEF7F /* LaunchScreen.storyboard */,
				30061B941D29209800ABEF7F /* Info.plist */,
				30305A411D3052F60059919F /* InfoPlist.strings */,
			);
			name = "Supporting Files";
			sourceTree = "<group>";
		};
		30B3B7691D3A9F460077BCAA /* Utils */ = {
			isa = PBXGroup;
			children = (
				30A3B90C1D2F8A3A00ADEF41 /* CommonUserInterface.swift */,
				30B3B76A1D3A9F600077BCAA /* RACHelpers.swift */,
				30B3B7741D3AC0F70077BCAA /* UIKitExtensions.swift */,
			);
			name = Utils;
			sourceTree = "<group>";
		};
		30B3B76D1D3AA1350077BCAA /* MVVM */ = {
			isa = PBXGroup;
			children = (
				30B3B76E1D3AA16C0077BCAA /* ViewType.swift */,
				30B3B7701D3AA17E0077BCAA /* ViewModelType.swift */,
				30B3B7721D3AA1C90077BCAA /* UIViewController+ViewType.swift */,
			);
			name = MVVM;
			sourceTree = "<group>";
		};
		30CA4C2B1D30298600A36F69 /* Framework Extensions */ = {
			isa = PBXGroup;
			children = (
				30CA4C2E1D302AC000A36F69 /* UIColor+HEX.swift */,
				30CA4C2C1D302A0100A36F69 /* UIColor+Giraffe.swift */,
				30305A3B1D3041B00059919F /* UIFont+Giraffe.swift */,
			);
			name = "Framework Extensions";
			sourceTree = "<group>";
		};
		30D7D4A21D3A97BF0063F684 /* View */ = {
			isa = PBXGroup;
			children = (
				306B61E31D4576100001EDB2 /* BaseViewController.swift */,
				30061B8A1D29209800ABEF7F /* TrendingViewController.swift */,
				30305A421D3053940059919F /* AnimatedImageCell.swift */,
				30A3B90A1D2F893B00ADEF41 /* AnimatedImageCollectionViewController.swift */,
				30CA50D61D45068B0030E566 /* SearchResultViewController.swift */,
			);
			name = View;
			sourceTree = "<group>";
		};
		30D7D4A31D3A97C90063F684 /* Model */ = {
			isa = PBXGroup;
			children = (
				30B3B7641D3A9D960077BCAA /* Trending.swift */,
				30CA50D81D450C580030E566 /* SearchResult.swift */,
			);
			name = Model;
			sourceTree = "<group>";
		};
		30D7D4A41D3A97D00063F684 /* ViewModel */ = {
			isa = PBXGroup;
			children = (
				30B3B7661D3A9F140077BCAA /* TrendingViewModel.swift */,
				30CA50DA1D4510CA0030E566 /* SearchResultViewModel.swift */,
				30A0C2261D3C32B300627ECB /* AnimatedImageViewModel.swift */,
			);
			name = ViewModel;
			sourceTree = "<group>";
		};
		30FC78671D425E1400D5DE5E /* Reactive Extensions */ = {
			isa = PBXGroup;
			children = (
				30FC78681D425E4F00D5DE5E /* Image+RAC.swift */,
			);
			name = "Reactive Extensions";
			sourceTree = "<group>";
		};
/* End PBXGroup section */

/* Begin PBXNativeTarget section */
		30061B841D29209800ABEF7F /* Giraffe-iOS */ = {
			isa = PBXNativeTarget;
			buildConfigurationList = 30061BAD1D29209800ABEF7F /* Build configuration list for PBXNativeTarget "Giraffe-iOS" */;
			buildPhases = (
				30061B811D29209800ABEF7F /* Sources */,
				30061B821D29209800ABEF7F /* Frameworks */,
				30061B831D29209800ABEF7F /* Resources */,
				30061BF51D29C73E00ABEF7F /* Carthage Copy Frameworks */,
				3089E8CB1D2DA88700726903 /* Embed Frameworks */,
			);
			buildRules = (
			);
			dependencies = (
			);
			name = "Giraffe-iOS";
			productName = "Giraffe-iOS";
			productReference = 30061B851D29209800ABEF7F /* Giraffe-iOS.app */;
			productType = "com.apple.product-type.application";
		};
		30061B981D29209800ABEF7F /* Giraffe-iOSTests */ = {
			isa = PBXNativeTarget;
			buildConfigurationList = 30061BB01D29209800ABEF7F /* Build configuration list for PBXNativeTarget "Giraffe-iOSTests" */;
			buildPhases = (
				30061B951D29209800ABEF7F /* Sources */,
				30061B961D29209800ABEF7F /* Frameworks */,
				30061B971D29209800ABEF7F /* Resources */,
			);
			buildRules = (
			);
			dependencies = (
				30061B9B1D29209800ABEF7F /* PBXTargetDependency */,
			);
			name = "Giraffe-iOSTests";
			productName = "Giraffe-iOSTests";
			productReference = 30061B991D29209800ABEF7F /* Giraffe-iOSTests.xctest */;
			productType = "com.apple.product-type.bundle.unit-test";
		};
		30061BA31D29209800ABEF7F /* Giraffe-iOSUITests */ = {
			isa = PBXNativeTarget;
			buildConfigurationList = 30061BB31D29209800ABEF7F /* Build configuration list for PBXNativeTarget "Giraffe-iOSUITests" */;
			buildPhases = (
				30061BA01D29209800ABEF7F /* Sources */,
				30061BA11D29209800ABEF7F /* Frameworks */,
				30061BA21D29209800ABEF7F /* Resources */,
			);
			buildRules = (
			);
			dependencies = (
				30061BA61D29209800ABEF7F /* PBXTargetDependency */,
			);
			name = "Giraffe-iOSUITests";
			productName = "Giraffe-iOSUITests";
			productReference = 30061BA41D29209800ABEF7F /* Giraffe-iOSUITests.xctest */;
			productType = "com.apple.product-type.bundle.ui-testing";
		};
/* End PBXNativeTarget section */

/* Begin PBXProject section */
		30061B7D1D29209800ABEF7F /* Project object */ = {
			isa = PBXProject;
			attributes = {
				LastSwiftUpdateCheck = 0800;
				LastUpgradeCheck = 0800;
				ORGANIZATIONNAME = "Yevhen Dubinin";
				TargetAttributes = {
					30061B841D29209800ABEF7F = {
						CreatedOnToolsVersion = 8.0;
						DevelopmentTeam = QL6S7D28EA;
						DevelopmentTeamName = "Yevhen Dubinin";
						ProvisioningStyle = Automatic;
					};
					30061B981D29209800ABEF7F = {
						CreatedOnToolsVersion = 8.0;
						DevelopmentTeam = QL6S7D28EA;
						DevelopmentTeamName = "Yevhen Dubinin";
						ProvisioningStyle = Automatic;
						TestTargetID = 30061B841D29209800ABEF7F;
					};
					30061BA31D29209800ABEF7F = {
						CreatedOnToolsVersion = 8.0;
						DevelopmentTeam = QL6S7D28EA;
						DevelopmentTeamName = "Yevhen Dubinin";
						ProvisioningStyle = Automatic;
						TestTargetID = 30061B841D29209800ABEF7F;
					};
				};
			};
			buildConfigurationList = 30061B801D29209800ABEF7F /* Build configuration list for PBXProject "Giraffe-iOS" */;
			compatibilityVersion = "Xcode 3.2";
			developmentRegion = English;
			hasScannedForEncodings = 0;
			knownRegions = (
				en,
				Base,
			);
			mainGroup = 30061B7C1D29209800ABEF7F;
			productRefGroup = 30061B861D29209800ABEF7F /* Products */;
			projectDirPath = "";
			projectRoot = "";
			targets = (
				30061B841D29209800ABEF7F /* Giraffe-iOS */,
				30061B981D29209800ABEF7F /* Giraffe-iOSTests */,
				30061BA31D29209800ABEF7F /* Giraffe-iOSUITests */,
			);
		};
/* End PBXProject section */

/* Begin PBXResourcesBuildPhase section */
		30061B831D29209800ABEF7F /* Resources */ = {
			isa = PBXResourcesBuildPhase;
			buildActionMask = 2147483647;
			files = (
				30061BFB1D29CFF300ABEF7F /* 02.gif in Resources */,
				30305A3F1D3052F60059919F /* InfoPlist.strings in Resources */,
				30061B931D29209800ABEF7F /* LaunchScreen.storyboard in Resources */,
				30061B901D29209800ABEF7F /* Assets.xcassets in Resources */,
				30061BFC1D29CFF300ABEF7F /* 03.gif in Resources */,
				30061B8E1D29209800ABEF7F /* Main.storyboard in Resources */,
				30061BFA1D29CFF300ABEF7F /* 01.gif in Resources */,
			);
			runOnlyForDeploymentPostprocessing = 0;
		};
		30061B971D29209800ABEF7F /* Resources */ = {
			isa = PBXResourcesBuildPhase;
			buildActionMask = 2147483647;
			files = (
			);
			runOnlyForDeploymentPostprocessing = 0;
		};
		30061BA21D29209800ABEF7F /* Resources */ = {
			isa = PBXResourcesBuildPhase;
			buildActionMask = 2147483647;
			files = (
			);
			runOnlyForDeploymentPostprocessing = 0;
		};
/* End PBXResourcesBuildPhase section */

/* Begin PBXShellScriptBuildPhase section */
		30061BF51D29C73E00ABEF7F /* Carthage Copy Frameworks */ = {
			isa = PBXShellScriptBuildPhase;
			buildActionMask = 2147483647;
			files = (
			);
			inputPaths = (
				"$(SRCROOT)/../Carthage/Build/iOS/FLAnimatedImage.framework",
				"$(SRCROOT)/../Carthage/Build/iOS/ReactiveCocoa.framework",
				"$(SRCROOT)/../Carthage/Build/iOS/Result.framework",
				"$(SRCROOT)/../Carthage/Build/iOS/NukeAnimatedImagePlugin.framework",
				"$(SRCROOT)/../Carthage/Build/iOS/Nuke.framework",
				"$(SRCROOT)/../Carthage/Build/iOS/Unbox.framework",
			);
			name = "Carthage Copy Frameworks";
			outputPaths = (
			);
			runOnlyForDeploymentPostprocessing = 0;
			shellPath = /bin/sh;
			shellScript = "/usr/local/bin/carthage copy-frameworks";
		};
/* End PBXShellScriptBuildPhase section */

/* Begin PBXSourcesBuildPhase section */
		30061B811D29209800ABEF7F /* Sources */ = {
			isa = PBXSourcesBuildPhase;
			buildActionMask = 2147483647;
			files = (
				30305A431D3053940059919F /* AnimatedImageCell.swift in Sources */,
				30061B8B1D29209800ABEF7F /* TrendingViewController.swift in Sources */,
				30B3B7711D3AA17E0077BCAA /* ViewModelType.swift in Sources */,
				30CA50DB1D4510CA0030E566 /* SearchResultViewModel.swift in Sources */,
				30CA4C2F1D302AC000A36F69 /* UIColor+HEX.swift in Sources */,
				306B61E41D4576100001EDB2 /* BaseViewController.swift in Sources */,
				30B3B7651D3A9D960077BCAA /* Trending.swift in Sources */,
				30FC78691D425E4F00D5DE5E /* Image+RAC.swift in Sources */,
				30B3B76F1D3AA16C0077BCAA /* ViewType.swift in Sources */,
				30B3B7731D3AA1C90077BCAA /* UIViewController+ViewType.swift in Sources */,
				30305A3C1D3041B00059919F /* UIFont+Giraffe.swift in Sources */,
				30CA50D91D450C580030E566 /* SearchResult.swift in Sources */,
				30CA4C2D1D302A0100A36F69 /* UIColor+Giraffe.swift in Sources */,
				30CA50D71D45068B0030E566 /* SearchResultViewController.swift in Sources */,
				30A0C2271D3C32B300627ECB /* AnimatedImageViewModel.swift in Sources */,
				30A3B90D1D2F8A3A00ADEF41 /* CommonUserInterface.swift in Sources */,
				30B3B7671D3A9F140077BCAA /* TrendingViewModel.swift in Sources */,
				30061B891D29209800ABEF7F /* AppDelegate.swift in Sources */,
				30A3B90B1D2F893B00ADEF41 /* AnimatedImageCollectionViewController.swift in Sources */,
				30B3B76B1D3A9F600077BCAA /* RACHelpers.swift in Sources */,
				30B3B7751D3AC0F70077BCAA /* UIKitExtensions.swift in Sources */,
			);
			runOnlyForDeploymentPostprocessing = 0;
		};
		30061B951D29209800ABEF7F /* Sources */ = {
			isa = PBXSourcesBuildPhase;
			buildActionMask = 2147483647;
			files = (
				30061B9E1D29209800ABEF7F /* Giraffe_iOSTests.swift in Sources */,
			);
			runOnlyForDeploymentPostprocessing = 0;
		};
		30061BA01D29209800ABEF7F /* Sources */ = {
			isa = PBXSourcesBuildPhase;
			buildActionMask = 2147483647;
			files = (
				30061BA91D29209800ABEF7F /* Giraffe_iOSUITests.swift in Sources */,
			);
			runOnlyForDeploymentPostprocessing = 0;
		};
/* End PBXSourcesBuildPhase section */

/* Begin PBXTargetDependency section */
		30061B9B1D29209800ABEF7F /* PBXTargetDependency */ = {
			isa = PBXTargetDependency;
			target = 30061B841D29209800ABEF7F /* Giraffe-iOS */;
			targetProxy = 30061B9A1D29209800ABEF7F /* PBXContainerItemProxy */;
		};
		30061BA61D29209800ABEF7F /* PBXTargetDependency */ = {
			isa = PBXTargetDependency;
			target = 30061B841D29209800ABEF7F /* Giraffe-iOS */;
			targetProxy = 30061BA51D29209800ABEF7F /* PBXContainerItemProxy */;
		};
/* End PBXTargetDependency section */

/* Begin PBXVariantGroup section */
		30061B8C1D29209800ABEF7F /* Main.storyboard */ = {
			isa = PBXVariantGroup;
			children = (
				30061B8D1D29209800ABEF7F /* Base */,
			);
			name = Main.storyboard;
			sourceTree = "<group>";
		};
		30061B911D29209800ABEF7F /* LaunchScreen.storyboard */ = {
			isa = PBXVariantGroup;
			children = (
				30061B921D29209800ABEF7F /* Base */,
			);
			name = LaunchScreen.storyboard;
			sourceTree = "<group>";
		};
		30305A411D3052F60059919F /* InfoPlist.strings */ = {
			isa = PBXVariantGroup;
			children = (
				30305A401D3052F60059919F /* Base */,
				30FC78661D425AD300D5DE5E /* en */,
			);
			name = InfoPlist.strings;
			sourceTree = "<group>";
		};
/* End PBXVariantGroup section */

/* Begin XCBuildConfiguration section */
		30061BAB1D29209800ABEF7F /* Debug */ = {
			isa = XCBuildConfiguration;
			buildSettings = {
				ALWAYS_SEARCH_USER_PATHS = NO;
				CLANG_ANALYZER_NONNULL = YES;
				CLANG_CXX_LANGUAGE_STANDARD = "gnu++0x";
				CLANG_CXX_LIBRARY = "libc++";
				CLANG_ENABLE_MODULES = YES;
				CLANG_ENABLE_OBJC_ARC = YES;
				CLANG_WARN_BOOL_CONVERSION = YES;
				CLANG_WARN_CONSTANT_CONVERSION = YES;
				CLANG_WARN_DIRECT_OBJC_ISA_USAGE = YES_ERROR;
				CLANG_WARN_DOCUMENTATION_COMMENTS = YES;
				CLANG_WARN_EMPTY_BODY = YES;
				CLANG_WARN_ENUM_CONVERSION = YES;
				CLANG_WARN_INT_CONVERSION = YES;
				CLANG_WARN_OBJC_ROOT_CLASS = YES_ERROR;
				CLANG_WARN_UNREACHABLE_CODE = YES;
				CLANG_WARN__DUPLICATE_METHOD_MATCH = YES;
				"CODE_SIGN_IDENTITY[sdk=iphoneos*]" = "iPhone Developer";
				COPY_PHASE_STRIP = NO;
				DEBUG_INFORMATION_FORMAT = dwarf;
				ENABLE_STRICT_OBJC_MSGSEND = YES;
				ENABLE_TESTABILITY = YES;
				GCC_C_LANGUAGE_STANDARD = gnu99;
				GCC_DYNAMIC_NO_PIC = NO;
				GCC_NO_COMMON_BLOCKS = YES;
				GCC_OPTIMIZATION_LEVEL = 0;
				GCC_PREPROCESSOR_DEFINITIONS = (
					"DEBUG=1",
					"$(inherited)",
				);
				GCC_WARN_64_TO_32_BIT_CONVERSION = YES;
				GCC_WARN_ABOUT_RETURN_TYPE = YES_ERROR;
				GCC_WARN_UNDECLARED_SELECTOR = YES;
				GCC_WARN_UNINITIALIZED_AUTOS = YES_AGGRESSIVE;
				GCC_WARN_UNUSED_FUNCTION = YES;
				GCC_WARN_UNUSED_VARIABLE = YES;
				IPHONEOS_DEPLOYMENT_TARGET = 10.0;
				MTL_ENABLE_DEBUG_INFO = YES;
				ONLY_ACTIVE_ARCH = YES;
				SDKROOT = iphoneos;
				SWIFT_ACTIVE_COMPILATION_CONDITIONS = DEBUG;
				SWIFT_OPTIMIZATION_LEVEL = "-Onone";
				SWIFT_VERSION = 2.3;
				TARGETED_DEVICE_FAMILY = "1,2";
			};
			name = Debug;
		};
		30061BAC1D29209800ABEF7F /* Release */ = {
			isa = XCBuildConfiguration;
			buildSettings = {
				ALWAYS_SEARCH_USER_PATHS = NO;
				CLANG_ANALYZER_NONNULL = YES;
				CLANG_CXX_LANGUAGE_STANDARD = "gnu++0x";
				CLANG_CXX_LIBRARY = "libc++";
				CLANG_ENABLE_MODULES = YES;
				CLANG_ENABLE_OBJC_ARC = YES;
				CLANG_WARN_BOOL_CONVERSION = YES;
				CLANG_WARN_CONSTANT_CONVERSION = YES;
				CLANG_WARN_DIRECT_OBJC_ISA_USAGE = YES_ERROR;
				CLANG_WARN_DOCUMENTATION_COMMENTS = YES;
				CLANG_WARN_EMPTY_BODY = YES;
				CLANG_WARN_ENUM_CONVERSION = YES;
				CLANG_WARN_INT_CONVERSION = YES;
				CLANG_WARN_OBJC_ROOT_CLASS = YES_ERROR;
				CLANG_WARN_UNREACHABLE_CODE = YES;
				CLANG_WARN__DUPLICATE_METHOD_MATCH = YES;
				"CODE_SIGN_IDENTITY[sdk=iphoneos*]" = "iPhone Developer";
				COPY_PHASE_STRIP = NO;
				DEBUG_INFORMATION_FORMAT = "dwarf-with-dsym";
				ENABLE_NS_ASSERTIONS = NO;
				ENABLE_STRICT_OBJC_MSGSEND = YES;
				GCC_C_LANGUAGE_STANDARD = gnu99;
				GCC_NO_COMMON_BLOCKS = YES;
				GCC_WARN_64_TO_32_BIT_CONVERSION = YES;
				GCC_WARN_ABOUT_RETURN_TYPE = YES_ERROR;
				GCC_WARN_UNDECLARED_SELECTOR = YES;
				GCC_WARN_UNINITIALIZED_AUTOS = YES_AGGRESSIVE;
				GCC_WARN_UNUSED_FUNCTION = YES;
				GCC_WARN_UNUSED_VARIABLE = YES;
				IPHONEOS_DEPLOYMENT_TARGET = 10.0;
				MTL_ENABLE_DEBUG_INFO = NO;
				SDKROOT = iphoneos;
				SWIFT_OPTIMIZATION_LEVEL = "-Owholemodule";
				SWIFT_VERSION = 2.3;
				TARGETED_DEVICE_FAMILY = "1,2";
				VALIDATE_PRODUCT = YES;
			};
			name = Release;
		};
		30061BAE1D29209800ABEF7F /* Debug */ = {
			isa = XCBuildConfiguration;
			buildSettings = {
				ASSETCATALOG_COMPILER_APPICON_NAME = AppIcon;
				FRAMEWORK_SEARCH_PATHS = (
					"$(BUILT_PRODUCTS_DIR)/**",
					"$(SRCROOT)/../Carthage/Build/iOS",
				);
				HEADER_SEARCH_PATHS = "$(SRCROOT)/../Carthage/Build/iOS/**";
				INFOPLIST_FILE = "Giraffe-iOS/Info.plist";
				LD_RUNPATH_SEARCH_PATHS = "$(inherited) @executable_path/Frameworks";
				PRODUCT_BUNDLE_IDENTIFIER = "com.devgeniy.Giraffe-iOS";
				PRODUCT_NAME = "$(TARGET_NAME)";
				SWIFT_VERSION = 2.3;
			};
			name = Debug;
		};
		30061BAF1D29209800ABEF7F /* Release */ = {
			isa = XCBuildConfiguration;
			buildSettings = {
				ASSETCATALOG_COMPILER_APPICON_NAME = AppIcon;
				FRAMEWORK_SEARCH_PATHS = (
					"$(BUILT_PRODUCTS_DIR)/**",
					"$(SRCROOT)/../Carthage/Build/iOS",
				);
				HEADER_SEARCH_PATHS = "$(SRCROOT)/../Carthage/Build/iOS/**";
				INFOPLIST_FILE = "Giraffe-iOS/Info.plist";
				LD_RUNPATH_SEARCH_PATHS = "$(inherited) @executable_path/Frameworks";
				PRODUCT_BUNDLE_IDENTIFIER = "com.devgeniy.Giraffe-iOS";
				PRODUCT_NAME = "$(TARGET_NAME)";
				SWIFT_VERSION = 2.3;
			};
			name = Release;
		};
		30061BB11D29209800ABEF7F /* Debug */ = {
			isa = XCBuildConfiguration;
			buildSettings = {
				BUNDLE_LOADER = "$(TEST_HOST)";
				INFOPLIST_FILE = "Giraffe-iOSTests/Info.plist";
				LD_RUNPATH_SEARCH_PATHS = "$(inherited) @executable_path/Frameworks @loader_path/Frameworks";
				PRODUCT_BUNDLE_IDENTIFIER = "com.devgeniy.Giraffe-iOSTests";
				PRODUCT_NAME = "$(TARGET_NAME)";
				SWIFT_VERSION = 2.3;
				TEST_HOST = "$(BUILT_PRODUCTS_DIR)/Giraffe-iOS.app/Giraffe-iOS";
			};
			name = Debug;
		};
		30061BB21D29209800ABEF7F /* Release */ = {
			isa = XCBuildConfiguration;
			buildSettings = {
				BUNDLE_LOADER = "$(TEST_HOST)";
				INFOPLIST_FILE = "Giraffe-iOSTests/Info.plist";
				LD_RUNPATH_SEARCH_PATHS = "$(inherited) @executable_path/Frameworks @loader_path/Frameworks";
				PRODUCT_BUNDLE_IDENTIFIER = "com.devgeniy.Giraffe-iOSTests";
				PRODUCT_NAME = "$(TARGET_NAME)";
				SWIFT_VERSION = 2.3;
				TEST_HOST = "$(BUILT_PRODUCTS_DIR)/Giraffe-iOS.app/Giraffe-iOS";
			};
			name = Release;
		};
		30061BB41D29209800ABEF7F /* Debug */ = {
			isa = XCBuildConfiguration;
			buildSettings = {
				INFOPLIST_FILE = "Giraffe-iOSUITests/Info.plist";
				LD_RUNPATH_SEARCH_PATHS = "$(inherited) @executable_path/Frameworks @loader_path/Frameworks";
				PRODUCT_BUNDLE_IDENTIFIER = "com.devgeniy.Giraffe-iOSUITests";
				PRODUCT_NAME = "$(TARGET_NAME)";
				SWIFT_VERSION = 2.3;
				TEST_TARGET_NAME = "Giraffe-iOS";
			};
			name = Debug;
		};
		30061BB51D29209800ABEF7F /* Release */ = {
			isa = XCBuildConfiguration;
			buildSettings = {
				INFOPLIST_FILE = "Giraffe-iOSUITests/Info.plist";
				LD_RUNPATH_SEARCH_PATHS = "$(inherited) @executable_path/Frameworks @loader_path/Frameworks";
				PRODUCT_BUNDLE_IDENTIFIER = "com.devgeniy.Giraffe-iOSUITests";
				PRODUCT_NAME = "$(TARGET_NAME)";
				SWIFT_VERSION = 2.3;
				TEST_TARGET_NAME = "Giraffe-iOS";
			};
			name = Release;
		};
/* End XCBuildConfiguration section */

/* Begin XCConfigurationList section */
		30061B801D29209800ABEF7F /* Build configuration list for PBXProject "Giraffe-iOS" */ = {
			isa = XCConfigurationList;
			buildConfigurations = (
				30061BAB1D29209800ABEF7F /* Debug */,
				30061BAC1D29209800ABEF7F /* Release */,
			);
			defaultConfigurationIsVisible = 0;
			defaultConfigurationName = Release;
		};
		30061BAD1D29209800ABEF7F /* Build configuration list for PBXNativeTarget "Giraffe-iOS" */ = {
			isa = XCConfigurationList;
			buildConfigurations = (
				30061BAE1D29209800ABEF7F /* Debug */,
				30061BAF1D29209800ABEF7F /* Release */,
			);
			defaultConfigurationIsVisible = 0;
			defaultConfigurationName = Release;
		};
		30061BB01D29209800ABEF7F /* Build configuration list for PBXNativeTarget "Giraffe-iOSTests" */ = {
			isa = XCConfigurationList;
			buildConfigurations = (
				30061BB11D29209800ABEF7F /* Debug */,
				30061BB21D29209800ABEF7F /* Release */,
			);
			defaultConfigurationIsVisible = 0;
			defaultConfigurationName = Release;
		};
		30061BB31D29209800ABEF7F /* Build configuration list for PBXNativeTarget "Giraffe-iOSUITests" */ = {
			isa = XCConfigurationList;
			buildConfigurations = (
				30061BB41D29209800ABEF7F /* Debug */,
				30061BB51D29209800ABEF7F /* Release */,
			);
			defaultConfigurationIsVisible = 0;
			defaultConfigurationName = Release;
		};
/* End XCConfigurationList section */
	};
	rootObject = 30061B7D1D29209800ABEF7F /* Project object */;
}
